{
    "version": 3,
    "terraform_version": "0.11.3",
    "serial": 2,
    "lineage": "7800e10f-f1b5-4350-bc14-a97a7240afb6",
    "modules": [
        {
            "path": [
                "root"
            ],
            "outputs": {},
            "resources": {},
            "depends_on": []
        },
        {
            "path": [
                "root",
                "master_1"
            ],
            "outputs": {},
            "resources": {
                "data.ignition_config.master": {
                    "type": "ignition_config",
                    "depends_on": [
                        "module.ignition_files",
                        "module.ignition_networkd",
                        "module.ignition_systemd",
                        "module.ignition_users"
                    ],
                    "primary": {
                        "id": "fbae87578f5eb6780c3bf3bcbc2db78a14b264152e6200ab8a100439f44a5850",
                        "attributes": {
                            "files.#": "2",
                            "files.0": "b388b5b49e135f382d8261856fdba184ed3cb6ccb9eb3a817b40bea992b124c2",
                            "files.1": "a9206175d9aeb3e379aa88dc8bb1a68daad7a46eaa75c7a545a6961baa0be5d3",
                            "id": "fbae87578f5eb6780c3bf3bcbc2db78a14b264152e6200ab8a100439f44a5850",
                            "networkd.#": "2",
                            "networkd.0": "4c4de7215a9e578be035ef4a87cc2be1ef72b42d1128d962f53d85939c0b2d3e",
                            "networkd.1": "9e6d3a4056b7c9657843401303b61c15d2f9bcedcb4fb7a12c83010443759fbb",
                            "rendered": "{\n    \"ignition\": {\n      \"config\": {},\n      \"timeouts\": {},\n      \"version\": \"2.1.0\"\n    },\n    \"networkd\": {\n      \"units\": [\n        {\n          \"contents\": \"[Match]\\nMACAddress=08:00:27:ab:10:01\\n\\n[Link]\\nName=internal0\\nMTUBytes=1500\\n\",\n          \"name\": \"10-internal0.link\"\n        },\n        {\n          \"contents\": \"[Match]\\nName=internal0\\n\\n[Network]\\nLinkLocalAddressing=no\\nIPv6AcceptRA=no\\nDHCP=true\\n\",\n          \"name\": \"20-internal0.network\"\n        }\n      ]\n    },\n    \"passwd\": {\n      \"users\": [\n        {\n          \"groups\": [\n            \"sudo\",\n            \"docker\"\n          ],\n          \"name\": \"demo\",\n          \"sshAuthorizedKeys\": [\n            \"ssh-rsa AAAAB3NzaC1yc2EAAAADAQABAAABAQCuQWrE1R1tnk2bu+CcLDtqEPP2+I60FV3W9enz1pW4iYaKqlCaSqEjgpmhXt1B2n++poDduM5iTrPTjLIOPi2/l0OFgNLnuCLQuPBTb8Eo1ta/feT1cD/YrWPzED0QCrwadEKHsZEf6Zsn2Xs810rrF+ynx02wDddJYCQWXWSzJEUi5duV4NmmTPtLt09n73gNLByDaIABoBGKxqA8hn2drPsM1LxOLgo9nBiyfm/h6KZH/6CqIC40HFL++0w5iurX1aCR8jRtLYgX10AYdWIcKmdiPDi164SmAAgOchGR6DfrPZb0upOXrMzmVfnhIftzIqukMgfrFYFLkK3j2STX root@provisioner01\"\n          ]\n        }\n      ]\n    },\n    \"storage\": {\n      \"files\": [\n        {\n          \"filesystem\": \"root\",\n          \"group\": {},\n          \"path\": \"/etc/hostname\",\n          \"user\": {},\n          \"contents\": {\n            \"source\": \"data:text/plain;charset=utf-8;base64,bWFzdGVyLTEuaW5mcmEubG9jYWw=\",\n            \"verification\": {}\n          },\n          \"mode\": 420\n        },\n        {\n          \"filesystem\": \"root\",\n          \"group\": {},\n          \"path\": \"/etc/bootstrap-consuld\",\n          \"user\": {},\n          \"contents\": {\n            \"source\": \"data:text/plain;charset=utf-8;base64,IyEvYmluL2Jhc2gKIApzb3VyY2UgL2V0Yy9lbnZpcm9ubWVudAoKaG9zdG5hbWU9JChjYXQgL2V0Yy9tYWNoaW5lLWlkKQppcF9hZGRyZXNzPSQoL3Vzci9iaW4vaWZjb25maWcgaW50ZXJuYWwwIHwgZ3JlcCAnaW5ldCAnIHwgYXdrICd7IHByaW50ICQyfScpCmZsYWdzPSItZGF0YS1kaXI9L29wdC9jb25zdWwgLWVuYWJsZS1zY3JpcHQtY2hlY2tzPXRydWUgLWNvbmZpZy1kaXI9L2V0Yy9jb25zdWwuZCIKCi9vcHQvYmluL2NvbnN1bCBhZ2VudCAtc2VydmVyIC1ib290c3RyYXAtZXhwZWN0PTMgLW5vZGU9JHtob3N0bmFtZX0gLWJpbmQ9JHtpcF9hZGRyZXNzfSAtJHtmbGFnc30K\",\n            \"verification\": {}\n          },\n          \"mode\": 420\n        }\n      ]\n    },\n    \"systemd\": {\n      \"units\": [\n        {\n          \"contents\": \"[Unit]\\nDescription=etcd data dir\\nBefore=etcd-member.service\\n\\n[Service]\\nType=oneshot\\nRemainAfterExit=true\\nExecStartPre=/usr/bin/mkdir -p /data/etcd\\nExecStart=/usr/bin/chown etcd:etcd /data/etcd\\n\\n[Install]\\nWantedBy=default.target\\n\",\n          \"enabled\": true,\n          \"name\": \"etcd-data-dir.service\"\n        },\n        {\n          \"dropins\": [\n            {\n              \"contents\": \"[Service]\\nEnvironment=\\\"ETCD_IMAGE_TAG=v3.2.9\\\"\\nEnvironment=\\\"ETCD_NAME=master-1\\\"\\nEnvironment=\\\"ETCD_ADVERTISE_CLIENT_URLS=http://master-1.infra.local:2379\\\"\\nEnvironment=\\\"ETCD_INITIAL_ADVERTISE_PEER_URLS=http://master-1.infra.local:2380\\\"\\nEnvironment=\\\"ETCD_LISTEN_CLIENT_URLS=http://0.0.0.0:2379\\\"\\nEnvironment=\\\"ETCD_LISTEN_PEER_URLS=http://0.0.0.0:2380\\\"\\nEnvironment=\\\"ETCD_INITIAL_CLUSTER=master-1=http://master-1.infra.local:2380,master-2=http://master-2.infra.local:2380,master-3=http://master-3.infra.local:2380\\\"\\nEnvironment=\\\"ETCD_STRICT_RECONFIG_CHECK=true\\\"\\nEnvironment=\\\"ETCD_DATA_DIR=/data/etcd\\\"\\n\",\n              \"name\": \"40-etcd-cluster.conf\"\n            }\n          ],\n          \"enabled\": true,\n          \"name\": \"etcd-member.service\"\n        },\n        {\n          \"dropins\": [\n            {\n              \"contents\": \"[Service]\\nEnvironment=\\\"REBOOT_STRATEGY=etcd-lock\\\"\\n\",\n              \"name\": \"40-etcd-lock.conf\"\n            }\n          ],\n          \"enabled\": true,\n          \"name\": \"locksmithd.service\"\n        },\n        {\n          \"contents\": \"[Unit] \\nDescription=Consul agent bootstrap\\nAfter=docker.service\\nRequires=docker.service\\n\\n[Service]\\nEnvironmentFile=/etc/environment\\n\\nExecStartPre=-/usr/bin/mkdir -p /opt/bin\\nExecStartPre=-/usr/bin/mkdir -p /opt/consul\\nExecStartPre=-/usr/bin/mkdir -p /etc/consul.d\\nExecStartPre=-/usr/bin/wget --retry-connrefused -t 5 -N -P /opt/consul/ https://releases.hashicorp.com/consul/1.0.7/consul_1.0.7_linux_amd64.zip\\nExecStartPre=-/usr/bin/unzip /opt/consul/consul_1.0.7_linux_amd64.zip -d /opt/bin\\n\\nExecStartPre=-/usr/bin/chmod +x /etc/bootstrap-consuld\\n\\nExecStart=/etc/bootstrap-consuld\\n\\n[Install]\\nWantedBy=multi-user.target\\n\\n[X-Fleet]\\nGlobal=true\\n\\n\",\n          \"enabled\": true,\n          \"name\": \"consuld.service\"\n        }\n      ]\n    }\n  }",
                            "systemd.#": "4",
                            "systemd.0": "987076e6f8be02c9c02e312727afb698625e675e36e87b8245274dc3b1249077",
                            "systemd.1": "58803a412c4a61f69373f2f7a8d53345711b8f4770868567744a563791219662",
                            "systemd.2": "b399460ce8d0c2960fd0d82e9240c23edf1ad26880fa69832d68f5e59aa23af9",
                            "systemd.3": "3b00dc47367cf8a7c0cf0cdb88bb54ca95aa62354130fdf84b36730b95dbb6e8",
                            "users.#": "1",
                            "users.0": "12a1d78cefb25d1d7f1c69f51d9099f7aa807d75e6d4aec76c13baaea72de0bb"
                        },
                        "meta": {},
                        "tainted": false
                    },
                    "deposed": [],
                    "provider": "provider.ignition"
                },
                "matchbox_group.master": {
                    "type": "matchbox_group",
                    "depends_on": [
                        "matchbox_profile.master"
                    ],
                    "primary": {
                        "id": "master-1.infra.local",
                        "attributes": {
                            "id": "master-1.infra.local",
                            "name": "master-1.infra.local",
                            "profile": "master-1.infra.local",
                            "selector.%": "1",
                            "selector.mac": "08:00:27:ab:10:01"
                        },
                        "meta": {},
                        "tainted": false
                    },
                    "deposed": [],
                    "provider": "module.master_1.provider.matchbox"
                },
                "matchbox_profile.master": {
                    "type": "matchbox_profile",
                    "depends_on": [
                        "data.ignition_config.master"
                    ],
                    "primary": {
                        "id": "master-1.infra.local",
                        "attributes": {
                            "args.#": "4",
                            "args.0": "coreos.config.url=http://provisioner-1.infra.local:8080/ignition?uuid=${uuid}\u0026mac=${mac:hexhyp}",
                            "args.1": "coreos.first_boot=yes",
                            "args.2": "console=tty0",
                            "args.3": "initrd=coreos_production_pxe_image.cpio.gz",
                            "id": "master-1.infra.local",
                            "initrd.#": "1",
                            "initrd.0": "/assets/coreos/1465.8.0/coreos_production_pxe_image.cpio.gz",
                            "kernel": "/assets/coreos/1465.8.0/coreos_production_pxe.vmlinuz",
                            "name": "master-1.infra.local",
                            "raw_ignition": "{\n    \"ignition\": {\n      \"config\": {},\n      \"timeouts\": {},\n      \"version\": \"2.1.0\"\n    },\n    \"networkd\": {\n      \"units\": [\n        {\n          \"contents\": \"[Match]\\nMACAddress=08:00:27:ab:10:01\\n\\n[Link]\\nName=internal0\\nMTUBytes=1500\\n\",\n          \"name\": \"10-internal0.link\"\n        },\n        {\n          \"contents\": \"[Match]\\nName=internal0\\n\\n[Network]\\nLinkLocalAddressing=no\\nIPv6AcceptRA=no\\nDHCP=true\\n\",\n          \"name\": \"20-internal0.network\"\n        }\n      ]\n    },\n    \"passwd\": {\n      \"users\": [\n        {\n          \"groups\": [\n            \"sudo\",\n            \"docker\"\n          ],\n          \"name\": \"demo\",\n          \"sshAuthorizedKeys\": [\n            \"ssh-rsa AAAAB3NzaC1yc2EAAAADAQABAAABAQCuQWrE1R1tnk2bu+CcLDtqEPP2+I60FV3W9enz1pW4iYaKqlCaSqEjgpmhXt1B2n++poDduM5iTrPTjLIOPi2/l0OFgNLnuCLQuPBTb8Eo1ta/feT1cD/YrWPzED0QCrwadEKHsZEf6Zsn2Xs810rrF+ynx02wDddJYCQWXWSzJEUi5duV4NmmTPtLt09n73gNLByDaIABoBGKxqA8hn2drPsM1LxOLgo9nBiyfm/h6KZH/6CqIC40HFL++0w5iurX1aCR8jRtLYgX10AYdWIcKmdiPDi164SmAAgOchGR6DfrPZb0upOXrMzmVfnhIftzIqukMgfrFYFLkK3j2STX root@provisioner01\"\n          ]\n        }\n      ]\n    },\n    \"storage\": {\n      \"files\": [\n        {\n          \"filesystem\": \"root\",\n          \"group\": {},\n          \"path\": \"/etc/hostname\",\n          \"user\": {},\n          \"contents\": {\n            \"source\": \"data:text/plain;charset=utf-8;base64,bWFzdGVyLTEuaW5mcmEubG9jYWw=\",\n            \"verification\": {}\n          },\n          \"mode\": 420\n        },\n        {\n          \"filesystem\": \"root\",\n          \"group\": {},\n          \"path\": \"/etc/bootstrap-consuld\",\n          \"user\": {},\n          \"contents\": {\n            \"source\": \"data:text/plain;charset=utf-8;base64,IyEvYmluL2Jhc2gKIApzb3VyY2UgL2V0Yy9lbnZpcm9ubWVudAoKaG9zdG5hbWU9JChjYXQgL2V0Yy9tYWNoaW5lLWlkKQppcF9hZGRyZXNzPSQoL3Vzci9iaW4vaWZjb25maWcgaW50ZXJuYWwwIHwgZ3JlcCAnaW5ldCAnIHwgYXdrICd7IHByaW50ICQyfScpCmZsYWdzPSItZGF0YS1kaXI9L29wdC9jb25zdWwgLWVuYWJsZS1zY3JpcHQtY2hlY2tzPXRydWUgLWNvbmZpZy1kaXI9L2V0Yy9jb25zdWwuZCIKCi9vcHQvYmluL2NvbnN1bCBhZ2VudCAtc2VydmVyIC1ib290c3RyYXAtZXhwZWN0PTMgLW5vZGU9JHtob3N0bmFtZX0gLWJpbmQ9JHtpcF9hZGRyZXNzfSAtJHtmbGFnc30K\",\n            \"verification\": {}\n          },\n          \"mode\": 420\n        }\n      ]\n    },\n    \"systemd\": {\n      \"units\": [\n        {\n          \"contents\": \"[Unit]\\nDescription=etcd data dir\\nBefore=etcd-member.service\\n\\n[Service]\\nType=oneshot\\nRemainAfterExit=true\\nExecStartPre=/usr/bin/mkdir -p /data/etcd\\nExecStart=/usr/bin/chown etcd:etcd /data/etcd\\n\\n[Install]\\nWantedBy=default.target\\n\",\n          \"enabled\": true,\n          \"name\": \"etcd-data-dir.service\"\n        },\n        {\n          \"dropins\": [\n            {\n              \"contents\": \"[Service]\\nEnvironment=\\\"ETCD_IMAGE_TAG=v3.2.9\\\"\\nEnvironment=\\\"ETCD_NAME=master-1\\\"\\nEnvironment=\\\"ETCD_ADVERTISE_CLIENT_URLS=http://master-1.infra.local:2379\\\"\\nEnvironment=\\\"ETCD_INITIAL_ADVERTISE_PEER_URLS=http://master-1.infra.local:2380\\\"\\nEnvironment=\\\"ETCD_LISTEN_CLIENT_URLS=http://0.0.0.0:2379\\\"\\nEnvironment=\\\"ETCD_LISTEN_PEER_URLS=http://0.0.0.0:2380\\\"\\nEnvironment=\\\"ETCD_INITIAL_CLUSTER=master-1=http://master-1.infra.local:2380,master-2=http://master-2.infra.local:2380,master-3=http://master-3.infra.local:2380\\\"\\nEnvironment=\\\"ETCD_STRICT_RECONFIG_CHECK=true\\\"\\nEnvironment=\\\"ETCD_DATA_DIR=/data/etcd\\\"\\n\",\n              \"name\": \"40-etcd-cluster.conf\"\n            }\n          ],\n          \"enabled\": true,\n          \"name\": \"etcd-member.service\"\n        },\n        {\n          \"dropins\": [\n            {\n              \"contents\": \"[Service]\\nEnvironment=\\\"REBOOT_STRATEGY=etcd-lock\\\"\\n\",\n              \"name\": \"40-etcd-lock.conf\"\n            }\n          ],\n          \"enabled\": true,\n          \"name\": \"locksmithd.service\"\n        },\n        {\n          \"contents\": \"[Unit] \\nDescription=Consul agent bootstrap\\nAfter=docker.service\\nRequires=docker.service\\n\\n[Service]\\nEnvironmentFile=/etc/environment\\n\\nExecStartPre=-/usr/bin/mkdir -p /opt/bin\\nExecStartPre=-/usr/bin/mkdir -p /opt/consul\\nExecStartPre=-/usr/bin/mkdir -p /etc/consul.d\\nExecStartPre=-/usr/bin/wget --retry-connrefused -t 5 -N -P /opt/consul/ https://releases.hashicorp.com/consul/1.0.7/consul_1.0.7_linux_amd64.zip\\nExecStartPre=-/usr/bin/unzip /opt/consul/consul_1.0.7_linux_amd64.zip -d /opt/bin\\n\\nExecStartPre=-/usr/bin/chmod +x /etc/bootstrap-consuld\\n\\nExecStart=/etc/bootstrap-consuld\\n\\n[Install]\\nWantedBy=multi-user.target\\n\\n[X-Fleet]\\nGlobal=true\\n\\n\",\n          \"enabled\": true,\n          \"name\": \"consuld.service\"\n        }\n      ]\n    }\n  }"
                        },
                        "meta": {},
                        "tainted": false
                    },
                    "deposed": [],
                    "provider": "module.master_1.provider.matchbox"
                }
            },
            "depends_on": []
        },
        {
            "path": [
                "root",
                "master_2"
            ],
            "outputs": {},
            "resources": {
                "data.ignition_config.master": {
                    "type": "ignition_config",
                    "depends_on": [
                        "module.ignition_files",
                        "module.ignition_networkd",
                        "module.ignition_systemd",
                        "module.ignition_users"
                    ],
                    "primary": {
                        "id": "aca9315233196e6b98259e9863c7f5f5d7e0fbff0c7dd3112042b6c1a08213a3",
                        "attributes": {
                            "files.#": "2",
                            "files.0": "617f4b7581d716699a4adcb82088f4b6079e894eed3d27548a01a901e49210ab",
                            "files.1": "a9206175d9aeb3e379aa88dc8bb1a68daad7a46eaa75c7a545a6961baa0be5d3",
                            "id": "aca9315233196e6b98259e9863c7f5f5d7e0fbff0c7dd3112042b6c1a08213a3",
                            "networkd.#": "2",
                            "networkd.0": "922c2e70f4132ec0a642434ec3c9effebaa0368962bec17fd69ddc7af32a9800",
                            "networkd.1": "9e6d3a4056b7c9657843401303b61c15d2f9bcedcb4fb7a12c83010443759fbb",
                            "rendered": "{\n    \"ignition\": {\n      \"config\": {},\n      \"timeouts\": {},\n      \"version\": \"2.1.0\"\n    },\n    \"networkd\": {\n      \"units\": [\n        {\n          \"contents\": \"[Match]\\nMACAddress=08:00:27:ab:10:02\\n\\n[Link]\\nName=internal0\\nMTUBytes=1500\\n\",\n          \"name\": \"10-internal0.link\"\n        },\n        {\n          \"contents\": \"[Match]\\nName=internal0\\n\\n[Network]\\nLinkLocalAddressing=no\\nIPv6AcceptRA=no\\nDHCP=true\\n\",\n          \"name\": \"20-internal0.network\"\n        }\n      ]\n    },\n    \"passwd\": {\n      \"users\": [\n        {\n          \"groups\": [\n            \"sudo\",\n            \"docker\"\n          ],\n          \"name\": \"demo\",\n          \"sshAuthorizedKeys\": [\n            \"ssh-rsa AAAAB3NzaC1yc2EAAAADAQABAAABAQCuQWrE1R1tnk2bu+CcLDtqEPP2+I60FV3W9enz1pW4iYaKqlCaSqEjgpmhXt1B2n++poDduM5iTrPTjLIOPi2/l0OFgNLnuCLQuPBTb8Eo1ta/feT1cD/YrWPzED0QCrwadEKHsZEf6Zsn2Xs810rrF+ynx02wDddJYCQWXWSzJEUi5duV4NmmTPtLt09n73gNLByDaIABoBGKxqA8hn2drPsM1LxOLgo9nBiyfm/h6KZH/6CqIC40HFL++0w5iurX1aCR8jRtLYgX10AYdWIcKmdiPDi164SmAAgOchGR6DfrPZb0upOXrMzmVfnhIftzIqukMgfrFYFLkK3j2STX root@provisioner01\"\n          ]\n        }\n      ]\n    },\n    \"storage\": {\n      \"files\": [\n        {\n          \"filesystem\": \"root\",\n          \"group\": {},\n          \"path\": \"/etc/hostname\",\n          \"user\": {},\n          \"contents\": {\n            \"source\": \"data:text/plain;charset=utf-8;base64,bWFzdGVyLTIuaW5mcmEubG9jYWw=\",\n            \"verification\": {}\n          },\n          \"mode\": 420\n        },\n        {\n          \"filesystem\": \"root\",\n          \"group\": {},\n          \"path\": \"/etc/bootstrap-consuld\",\n          \"user\": {},\n          \"contents\": {\n            \"source\": \"data:text/plain;charset=utf-8;base64,IyEvYmluL2Jhc2gKIApzb3VyY2UgL2V0Yy9lbnZpcm9ubWVudAoKaG9zdG5hbWU9JChjYXQgL2V0Yy9tYWNoaW5lLWlkKQppcF9hZGRyZXNzPSQoL3Vzci9iaW4vaWZjb25maWcgaW50ZXJuYWwwIHwgZ3JlcCAnaW5ldCAnIHwgYXdrICd7IHByaW50ICQyfScpCmZsYWdzPSItZGF0YS1kaXI9L29wdC9jb25zdWwgLWVuYWJsZS1zY3JpcHQtY2hlY2tzPXRydWUgLWNvbmZpZy1kaXI9L2V0Yy9jb25zdWwuZCIKCi9vcHQvYmluL2NvbnN1bCBhZ2VudCAtc2VydmVyIC1ib290c3RyYXAtZXhwZWN0PTMgLW5vZGU9JHtob3N0bmFtZX0gLWJpbmQ9JHtpcF9hZGRyZXNzfSAtJHtmbGFnc30K\",\n            \"verification\": {}\n          },\n          \"mode\": 420\n        }\n      ]\n    },\n    \"systemd\": {\n      \"units\": [\n        {\n          \"contents\": \"[Unit]\\nDescription=etcd data dir\\nBefore=etcd-member.service\\n\\n[Service]\\nType=oneshot\\nRemainAfterExit=true\\nExecStartPre=/usr/bin/mkdir -p /data/etcd\\nExecStart=/usr/bin/chown etcd:etcd /data/etcd\\n\\n[Install]\\nWantedBy=default.target\\n\",\n          \"enabled\": true,\n          \"name\": \"etcd-data-dir.service\"\n        },\n        {\n          \"dropins\": [\n            {\n              \"contents\": \"[Service]\\nEnvironment=\\\"ETCD_IMAGE_TAG=v3.2.9\\\"\\nEnvironment=\\\"ETCD_NAME=master-2\\\"\\nEnvironment=\\\"ETCD_ADVERTISE_CLIENT_URLS=http://master-2.infra.local:2379\\\"\\nEnvironment=\\\"ETCD_INITIAL_ADVERTISE_PEER_URLS=http://master-2.infra.local:2380\\\"\\nEnvironment=\\\"ETCD_LISTEN_CLIENT_URLS=http://0.0.0.0:2379\\\"\\nEnvironment=\\\"ETCD_LISTEN_PEER_URLS=http://0.0.0.0:2380\\\"\\nEnvironment=\\\"ETCD_INITIAL_CLUSTER=master-1=http://master-1.infra.local:2380,master-2=http://master-2.infra.local:2380,master-3=http://master-3.infra.local:2380\\\"\\nEnvironment=\\\"ETCD_STRICT_RECONFIG_CHECK=true\\\"\\nEnvironment=\\\"ETCD_DATA_DIR=/data/etcd\\\"\\n\",\n              \"name\": \"40-etcd-cluster.conf\"\n            }\n          ],\n          \"enabled\": true,\n          \"name\": \"etcd-member.service\"\n        },\n        {\n          \"dropins\": [\n            {\n              \"contents\": \"[Service]\\nEnvironment=\\\"REBOOT_STRATEGY=etcd-lock\\\"\\n\",\n              \"name\": \"40-etcd-lock.conf\"\n            }\n          ],\n          \"enabled\": true,\n          \"name\": \"locksmithd.service\"\n        },\n        {\n          \"contents\": \"[Unit] \\nDescription=Consul agent bootstrap\\nAfter=docker.service\\nRequires=docker.service\\n\\n[Service]\\nEnvironmentFile=/etc/environment\\n\\nExecStartPre=-/usr/bin/mkdir -p /opt/bin\\nExecStartPre=-/usr/bin/mkdir -p /opt/consul\\nExecStartPre=-/usr/bin/mkdir -p /etc/consul.d\\nExecStartPre=-/usr/bin/wget --retry-connrefused -t 5 -N -P /opt/consul/ https://releases.hashicorp.com/consul/1.0.7/consul_1.0.7_linux_amd64.zip\\nExecStartPre=-/usr/bin/unzip /opt/consul/consul_1.0.7_linux_amd64.zip -d /opt/bin\\n\\nExecStartPre=-/usr/bin/chmod +x /etc/bootstrap-consuld\\n\\nExecStart=/etc/bootstrap-consuld\\n\\n[Install]\\nWantedBy=multi-user.target\\n\\n[X-Fleet]\\nGlobal=true\\n\\n\",\n          \"enabled\": true,\n          \"name\": \"consuld.service\"\n        }\n      ]\n    }\n  }",
                            "systemd.#": "4",
                            "systemd.0": "987076e6f8be02c9c02e312727afb698625e675e36e87b8245274dc3b1249077",
                            "systemd.1": "8f1b30286490739e50ee374d6208e0c41c072c74d694193ccbedb2845fa70bf1",
                            "systemd.2": "b399460ce8d0c2960fd0d82e9240c23edf1ad26880fa69832d68f5e59aa23af9",
                            "systemd.3": "3b00dc47367cf8a7c0cf0cdb88bb54ca95aa62354130fdf84b36730b95dbb6e8",
                            "users.#": "1",
                            "users.0": "12a1d78cefb25d1d7f1c69f51d9099f7aa807d75e6d4aec76c13baaea72de0bb"
                        },
                        "meta": {},
                        "tainted": false
                    },
                    "deposed": [],
                    "provider": "provider.ignition"
                },
                "matchbox_group.master": {
                    "type": "matchbox_group",
                    "depends_on": [
                        "matchbox_profile.master"
                    ],
                    "primary": {
                        "id": "master-2.infra.local",
                        "attributes": {
                            "id": "master-2.infra.local",
                            "name": "master-2.infra.local",
                            "profile": "master-2.infra.local",
                            "selector.%": "1",
                            "selector.mac": "08:00:27:ab:10:02"
                        },
                        "meta": {},
                        "tainted": false
                    },
                    "deposed": [],
                    "provider": "module.master_2.provider.matchbox"
                },
                "matchbox_profile.master": {
                    "type": "matchbox_profile",
                    "depends_on": [
                        "data.ignition_config.master"
                    ],
                    "primary": {
                        "id": "master-2.infra.local",
                        "attributes": {
                            "args.#": "4",
                            "args.0": "coreos.config.url=http://provisioner-1.infra.local:8080/ignition?uuid=${uuid}\u0026mac=${mac:hexhyp}",
                            "args.1": "coreos.first_boot=yes",
                            "args.2": "console=tty0",
                            "args.3": "initrd=coreos_production_pxe_image.cpio.gz",
                            "id": "master-2.infra.local",
                            "initrd.#": "1",
                            "initrd.0": "/assets/coreos/1465.8.0/coreos_production_pxe_image.cpio.gz",
                            "kernel": "/assets/coreos/1465.8.0/coreos_production_pxe.vmlinuz",
                            "name": "master-2.infra.local",
                            "raw_ignition": "{\n    \"ignition\": {\n      \"config\": {},\n      \"timeouts\": {},\n      \"version\": \"2.1.0\"\n    },\n    \"networkd\": {\n      \"units\": [\n        {\n          \"contents\": \"[Match]\\nMACAddress=08:00:27:ab:10:02\\n\\n[Link]\\nName=internal0\\nMTUBytes=1500\\n\",\n          \"name\": \"10-internal0.link\"\n        },\n        {\n          \"contents\": \"[Match]\\nName=internal0\\n\\n[Network]\\nLinkLocalAddressing=no\\nIPv6AcceptRA=no\\nDHCP=true\\n\",\n          \"name\": \"20-internal0.network\"\n        }\n      ]\n    },\n    \"passwd\": {\n      \"users\": [\n        {\n          \"groups\": [\n            \"sudo\",\n            \"docker\"\n          ],\n          \"name\": \"demo\",\n          \"sshAuthorizedKeys\": [\n            \"ssh-rsa AAAAB3NzaC1yc2EAAAADAQABAAABAQCuQWrE1R1tnk2bu+CcLDtqEPP2+I60FV3W9enz1pW4iYaKqlCaSqEjgpmhXt1B2n++poDduM5iTrPTjLIOPi2/l0OFgNLnuCLQuPBTb8Eo1ta/feT1cD/YrWPzED0QCrwadEKHsZEf6Zsn2Xs810rrF+ynx02wDddJYCQWXWSzJEUi5duV4NmmTPtLt09n73gNLByDaIABoBGKxqA8hn2drPsM1LxOLgo9nBiyfm/h6KZH/6CqIC40HFL++0w5iurX1aCR8jRtLYgX10AYdWIcKmdiPDi164SmAAgOchGR6DfrPZb0upOXrMzmVfnhIftzIqukMgfrFYFLkK3j2STX root@provisioner01\"\n          ]\n        }\n      ]\n    },\n    \"storage\": {\n      \"files\": [\n        {\n          \"filesystem\": \"root\",\n          \"group\": {},\n          \"path\": \"/etc/hostname\",\n          \"user\": {},\n          \"contents\": {\n            \"source\": \"data:text/plain;charset=utf-8;base64,bWFzdGVyLTIuaW5mcmEubG9jYWw=\",\n            \"verification\": {}\n          },\n          \"mode\": 420\n        },\n        {\n          \"filesystem\": \"root\",\n          \"group\": {},\n          \"path\": \"/etc/bootstrap-consuld\",\n          \"user\": {},\n          \"contents\": {\n            \"source\": \"data:text/plain;charset=utf-8;base64,IyEvYmluL2Jhc2gKIApzb3VyY2UgL2V0Yy9lbnZpcm9ubWVudAoKaG9zdG5hbWU9JChjYXQgL2V0Yy9tYWNoaW5lLWlkKQppcF9hZGRyZXNzPSQoL3Vzci9iaW4vaWZjb25maWcgaW50ZXJuYWwwIHwgZ3JlcCAnaW5ldCAnIHwgYXdrICd7IHByaW50ICQyfScpCmZsYWdzPSItZGF0YS1kaXI9L29wdC9jb25zdWwgLWVuYWJsZS1zY3JpcHQtY2hlY2tzPXRydWUgLWNvbmZpZy1kaXI9L2V0Yy9jb25zdWwuZCIKCi9vcHQvYmluL2NvbnN1bCBhZ2VudCAtc2VydmVyIC1ib290c3RyYXAtZXhwZWN0PTMgLW5vZGU9JHtob3N0bmFtZX0gLWJpbmQ9JHtpcF9hZGRyZXNzfSAtJHtmbGFnc30K\",\n            \"verification\": {}\n          },\n          \"mode\": 420\n        }\n      ]\n    },\n    \"systemd\": {\n      \"units\": [\n        {\n          \"contents\": \"[Unit]\\nDescription=etcd data dir\\nBefore=etcd-member.service\\n\\n[Service]\\nType=oneshot\\nRemainAfterExit=true\\nExecStartPre=/usr/bin/mkdir -p /data/etcd\\nExecStart=/usr/bin/chown etcd:etcd /data/etcd\\n\\n[Install]\\nWantedBy=default.target\\n\",\n          \"enabled\": true,\n          \"name\": \"etcd-data-dir.service\"\n        },\n        {\n          \"dropins\": [\n            {\n              \"contents\": \"[Service]\\nEnvironment=\\\"ETCD_IMAGE_TAG=v3.2.9\\\"\\nEnvironment=\\\"ETCD_NAME=master-2\\\"\\nEnvironment=\\\"ETCD_ADVERTISE_CLIENT_URLS=http://master-2.infra.local:2379\\\"\\nEnvironment=\\\"ETCD_INITIAL_ADVERTISE_PEER_URLS=http://master-2.infra.local:2380\\\"\\nEnvironment=\\\"ETCD_LISTEN_CLIENT_URLS=http://0.0.0.0:2379\\\"\\nEnvironment=\\\"ETCD_LISTEN_PEER_URLS=http://0.0.0.0:2380\\\"\\nEnvironment=\\\"ETCD_INITIAL_CLUSTER=master-1=http://master-1.infra.local:2380,master-2=http://master-2.infra.local:2380,master-3=http://master-3.infra.local:2380\\\"\\nEnvironment=\\\"ETCD_STRICT_RECONFIG_CHECK=true\\\"\\nEnvironment=\\\"ETCD_DATA_DIR=/data/etcd\\\"\\n\",\n              \"name\": \"40-etcd-cluster.conf\"\n            }\n          ],\n          \"enabled\": true,\n          \"name\": \"etcd-member.service\"\n        },\n        {\n          \"dropins\": [\n            {\n              \"contents\": \"[Service]\\nEnvironment=\\\"REBOOT_STRATEGY=etcd-lock\\\"\\n\",\n              \"name\": \"40-etcd-lock.conf\"\n            }\n          ],\n          \"enabled\": true,\n          \"name\": \"locksmithd.service\"\n        },\n        {\n          \"contents\": \"[Unit] \\nDescription=Consul agent bootstrap\\nAfter=docker.service\\nRequires=docker.service\\n\\n[Service]\\nEnvironmentFile=/etc/environment\\n\\nExecStartPre=-/usr/bin/mkdir -p /opt/bin\\nExecStartPre=-/usr/bin/mkdir -p /opt/consul\\nExecStartPre=-/usr/bin/mkdir -p /etc/consul.d\\nExecStartPre=-/usr/bin/wget --retry-connrefused -t 5 -N -P /opt/consul/ https://releases.hashicorp.com/consul/1.0.7/consul_1.0.7_linux_amd64.zip\\nExecStartPre=-/usr/bin/unzip /opt/consul/consul_1.0.7_linux_amd64.zip -d /opt/bin\\n\\nExecStartPre=-/usr/bin/chmod +x /etc/bootstrap-consuld\\n\\nExecStart=/etc/bootstrap-consuld\\n\\n[Install]\\nWantedBy=multi-user.target\\n\\n[X-Fleet]\\nGlobal=true\\n\\n\",\n          \"enabled\": true,\n          \"name\": \"consuld.service\"\n        }\n      ]\n    }\n  }"
                        },
                        "meta": {},
                        "tainted": false
                    },
                    "deposed": [],
                    "provider": "module.master_2.provider.matchbox"
                }
            },
            "depends_on": []
        },
        {
            "path": [
                "root",
                "master_3"
            ],
            "outputs": {},
            "resources": {
                "data.ignition_config.master": {
                    "type": "ignition_config",
                    "depends_on": [
                        "module.ignition_files",
                        "module.ignition_networkd",
                        "module.ignition_systemd",
                        "module.ignition_users"
                    ],
                    "primary": {
                        "id": "64c72aba4968b8c96447ed506a48f0d992b6e37477a5bea90a9eb76ff4fbc55f",
                        "attributes": {
                            "files.#": "2",
                            "files.0": "f8bcbb9c1478200ebc39419fada4bbb4102dd5c465a834b2621f05195fe46977",
                            "files.1": "a9206175d9aeb3e379aa88dc8bb1a68daad7a46eaa75c7a545a6961baa0be5d3",
                            "id": "64c72aba4968b8c96447ed506a48f0d992b6e37477a5bea90a9eb76ff4fbc55f",
                            "networkd.#": "2",
                            "networkd.0": "c7bcc70a4e8fd000c324c1f2630646e91980116d7ef8deacf9354f28ce1864e4",
                            "networkd.1": "9e6d3a4056b7c9657843401303b61c15d2f9bcedcb4fb7a12c83010443759fbb",
                            "rendered": "{\n    \"ignition\": {\n      \"config\": {},\n      \"timeouts\": {},\n      \"version\": \"2.1.0\"\n    },\n    \"networkd\": {\n      \"units\": [\n        {\n          \"contents\": \"[Match]\\nMACAddress=08:00:27:ab:10:03\\n\\n[Link]\\nName=internal0\\nMTUBytes=1500\\n\",\n          \"name\": \"10-internal0.link\"\n        },\n        {\n          \"contents\": \"[Match]\\nName=internal0\\n\\n[Network]\\nLinkLocalAddressing=no\\nIPv6AcceptRA=no\\nDHCP=true\\n\",\n          \"name\": \"20-internal0.network\"\n        }\n      ]\n    },\n    \"passwd\": {\n      \"users\": [\n        {\n          \"groups\": [\n            \"sudo\",\n            \"docker\"\n          ],\n          \"name\": \"demo\",\n          \"sshAuthorizedKeys\": [\n            \"ssh-rsa AAAAB3NzaC1yc2EAAAADAQABAAABAQCuQWrE1R1tnk2bu+CcLDtqEPP2+I60FV3W9enz1pW4iYaKqlCaSqEjgpmhXt1B2n++poDduM5iTrPTjLIOPi2/l0OFgNLnuCLQuPBTb8Eo1ta/feT1cD/YrWPzED0QCrwadEKHsZEf6Zsn2Xs810rrF+ynx02wDddJYCQWXWSzJEUi5duV4NmmTPtLt09n73gNLByDaIABoBGKxqA8hn2drPsM1LxOLgo9nBiyfm/h6KZH/6CqIC40HFL++0w5iurX1aCR8jRtLYgX10AYdWIcKmdiPDi164SmAAgOchGR6DfrPZb0upOXrMzmVfnhIftzIqukMgfrFYFLkK3j2STX root@provisioner01\"\n          ]\n        }\n      ]\n    },\n    \"storage\": {\n      \"files\": [\n        {\n          \"filesystem\": \"root\",\n          \"group\": {},\n          \"path\": \"/etc/hostname\",\n          \"user\": {},\n          \"contents\": {\n            \"source\": \"data:text/plain;charset=utf-8;base64,bWFzdGVyLTMuaW5mcmEubG9jYWw=\",\n            \"verification\": {}\n          },\n          \"mode\": 420\n        },\n        {\n          \"filesystem\": \"root\",\n          \"group\": {},\n          \"path\": \"/etc/bootstrap-consuld\",\n          \"user\": {},\n          \"contents\": {\n            \"source\": \"data:text/plain;charset=utf-8;base64,IyEvYmluL2Jhc2gKIApzb3VyY2UgL2V0Yy9lbnZpcm9ubWVudAoKaG9zdG5hbWU9JChjYXQgL2V0Yy9tYWNoaW5lLWlkKQppcF9hZGRyZXNzPSQoL3Vzci9iaW4vaWZjb25maWcgaW50ZXJuYWwwIHwgZ3JlcCAnaW5ldCAnIHwgYXdrICd7IHByaW50ICQyfScpCmZsYWdzPSItZGF0YS1kaXI9L29wdC9jb25zdWwgLWVuYWJsZS1zY3JpcHQtY2hlY2tzPXRydWUgLWNvbmZpZy1kaXI9L2V0Yy9jb25zdWwuZCIKCi9vcHQvYmluL2NvbnN1bCBhZ2VudCAtc2VydmVyIC1ib290c3RyYXAtZXhwZWN0PTMgLW5vZGU9JHtob3N0bmFtZX0gLWJpbmQ9JHtpcF9hZGRyZXNzfSAtJHtmbGFnc30K\",\n            \"verification\": {}\n          },\n          \"mode\": 420\n        }\n      ]\n    },\n    \"systemd\": {\n      \"units\": [\n        {\n          \"contents\": \"[Unit]\\nDescription=etcd data dir\\nBefore=etcd-member.service\\n\\n[Service]\\nType=oneshot\\nRemainAfterExit=true\\nExecStartPre=/usr/bin/mkdir -p /data/etcd\\nExecStart=/usr/bin/chown etcd:etcd /data/etcd\\n\\n[Install]\\nWantedBy=default.target\\n\",\n          \"enabled\": true,\n          \"name\": \"etcd-data-dir.service\"\n        },\n        {\n          \"dropins\": [\n            {\n              \"contents\": \"[Service]\\nEnvironment=\\\"ETCD_IMAGE_TAG=v3.2.9\\\"\\nEnvironment=\\\"ETCD_NAME=master-3\\\"\\nEnvironment=\\\"ETCD_ADVERTISE_CLIENT_URLS=http://master-3.infra.local:2379\\\"\\nEnvironment=\\\"ETCD_INITIAL_ADVERTISE_PEER_URLS=http://master-3.infra.local:2380\\\"\\nEnvironment=\\\"ETCD_LISTEN_CLIENT_URLS=http://0.0.0.0:2379\\\"\\nEnvironment=\\\"ETCD_LISTEN_PEER_URLS=http://0.0.0.0:2380\\\"\\nEnvironment=\\\"ETCD_INITIAL_CLUSTER=master-1=http://master-1.infra.local:2380,master-2=http://master-2.infra.local:2380,master-3=http://master-3.infra.local:2380\\\"\\nEnvironment=\\\"ETCD_STRICT_RECONFIG_CHECK=true\\\"\\nEnvironment=\\\"ETCD_DATA_DIR=/data/etcd\\\"\\n\",\n              \"name\": \"40-etcd-cluster.conf\"\n            }\n          ],\n          \"enabled\": true,\n          \"name\": \"etcd-member.service\"\n        },\n        {\n          \"dropins\": [\n            {\n              \"contents\": \"[Service]\\nEnvironment=\\\"REBOOT_STRATEGY=etcd-lock\\\"\\n\",\n              \"name\": \"40-etcd-lock.conf\"\n            }\n          ],\n          \"enabled\": true,\n          \"name\": \"locksmithd.service\"\n        },\n        {\n          \"contents\": \"[Unit] \\nDescription=Consul agent bootstrap\\nAfter=docker.service\\nRequires=docker.service\\n\\n[Service]\\nEnvironmentFile=/etc/environment\\n\\nExecStartPre=-/usr/bin/mkdir -p /opt/bin\\nExecStartPre=-/usr/bin/mkdir -p /opt/consul\\nExecStartPre=-/usr/bin/mkdir -p /etc/consul.d\\nExecStartPre=-/usr/bin/wget --retry-connrefused -t 5 -N -P /opt/consul/ https://releases.hashicorp.com/consul/1.0.7/consul_1.0.7_linux_amd64.zip\\nExecStartPre=-/usr/bin/unzip /opt/consul/consul_1.0.7_linux_amd64.zip -d /opt/bin\\n\\nExecStartPre=-/usr/bin/chmod +x /etc/bootstrap-consuld\\n\\nExecStart=/etc/bootstrap-consuld\\n\\n[Install]\\nWantedBy=multi-user.target\\n\\n[X-Fleet]\\nGlobal=true\\n\\n\",\n          \"enabled\": true,\n          \"name\": \"consuld.service\"\n        }\n      ]\n    }\n  }",
                            "systemd.#": "4",
                            "systemd.0": "987076e6f8be02c9c02e312727afb698625e675e36e87b8245274dc3b1249077",
                            "systemd.1": "0bb70460826b96d338ed25c1a9163e2e301f156a39a57736b654337e691b697b",
                            "systemd.2": "b399460ce8d0c2960fd0d82e9240c23edf1ad26880fa69832d68f5e59aa23af9",
                            "systemd.3": "3b00dc47367cf8a7c0cf0cdb88bb54ca95aa62354130fdf84b36730b95dbb6e8",
                            "users.#": "1",
                            "users.0": "12a1d78cefb25d1d7f1c69f51d9099f7aa807d75e6d4aec76c13baaea72de0bb"
                        },
                        "meta": {},
                        "tainted": false
                    },
                    "deposed": [],
                    "provider": "provider.ignition"
                },
                "matchbox_group.master": {
                    "type": "matchbox_group",
                    "depends_on": [
                        "matchbox_profile.master"
                    ],
                    "primary": {
                        "id": "master-3.infra.local",
                        "attributes": {
                            "id": "master-3.infra.local",
                            "name": "master-3.infra.local",
                            "profile": "master-3.infra.local",
                            "selector.%": "1",
                            "selector.mac": "08:00:27:ab:10:03"
                        },
                        "meta": {},
                        "tainted": false
                    },
                    "deposed": [],
                    "provider": "module.master_3.provider.matchbox"
                },
                "matchbox_profile.master": {
                    "type": "matchbox_profile",
                    "depends_on": [
                        "data.ignition_config.master"
                    ],
                    "primary": {
                        "id": "master-3.infra.local",
                        "attributes": {
                            "args.#": "4",
                            "args.0": "coreos.config.url=http://provisioner-1.infra.local:8080/ignition?uuid=${uuid}\u0026mac=${mac:hexhyp}",
                            "args.1": "coreos.first_boot=yes",
                            "args.2": "console=tty0",
                            "args.3": "initrd=coreos_production_pxe_image.cpio.gz",
                            "id": "master-3.infra.local",
                            "initrd.#": "1",
                            "initrd.0": "/assets/coreos/1465.8.0/coreos_production_pxe_image.cpio.gz",
                            "kernel": "/assets/coreos/1465.8.0/coreos_production_pxe.vmlinuz",
                            "name": "master-3.infra.local",
                            "raw_ignition": "{\n    \"ignition\": {\n      \"config\": {},\n      \"timeouts\": {},\n      \"version\": \"2.1.0\"\n    },\n    \"networkd\": {\n      \"units\": [\n        {\n          \"contents\": \"[Match]\\nMACAddress=08:00:27:ab:10:03\\n\\n[Link]\\nName=internal0\\nMTUBytes=1500\\n\",\n          \"name\": \"10-internal0.link\"\n        },\n        {\n          \"contents\": \"[Match]\\nName=internal0\\n\\n[Network]\\nLinkLocalAddressing=no\\nIPv6AcceptRA=no\\nDHCP=true\\n\",\n          \"name\": \"20-internal0.network\"\n        }\n      ]\n    },\n    \"passwd\": {\n      \"users\": [\n        {\n          \"groups\": [\n            \"sudo\",\n            \"docker\"\n          ],\n          \"name\": \"demo\",\n          \"sshAuthorizedKeys\": [\n            \"ssh-rsa AAAAB3NzaC1yc2EAAAADAQABAAABAQCuQWrE1R1tnk2bu+CcLDtqEPP2+I60FV3W9enz1pW4iYaKqlCaSqEjgpmhXt1B2n++poDduM5iTrPTjLIOPi2/l0OFgNLnuCLQuPBTb8Eo1ta/feT1cD/YrWPzED0QCrwadEKHsZEf6Zsn2Xs810rrF+ynx02wDddJYCQWXWSzJEUi5duV4NmmTPtLt09n73gNLByDaIABoBGKxqA8hn2drPsM1LxOLgo9nBiyfm/h6KZH/6CqIC40HFL++0w5iurX1aCR8jRtLYgX10AYdWIcKmdiPDi164SmAAgOchGR6DfrPZb0upOXrMzmVfnhIftzIqukMgfrFYFLkK3j2STX root@provisioner01\"\n          ]\n        }\n      ]\n    },\n    \"storage\": {\n      \"files\": [\n        {\n          \"filesystem\": \"root\",\n          \"group\": {},\n          \"path\": \"/etc/hostname\",\n          \"user\": {},\n          \"contents\": {\n            \"source\": \"data:text/plain;charset=utf-8;base64,bWFzdGVyLTMuaW5mcmEubG9jYWw=\",\n            \"verification\": {}\n          },\n          \"mode\": 420\n        },\n        {\n          \"filesystem\": \"root\",\n          \"group\": {},\n          \"path\": \"/etc/bootstrap-consuld\",\n          \"user\": {},\n          \"contents\": {\n            \"source\": \"data:text/plain;charset=utf-8;base64,IyEvYmluL2Jhc2gKIApzb3VyY2UgL2V0Yy9lbnZpcm9ubWVudAoKaG9zdG5hbWU9JChjYXQgL2V0Yy9tYWNoaW5lLWlkKQppcF9hZGRyZXNzPSQoL3Vzci9iaW4vaWZjb25maWcgaW50ZXJuYWwwIHwgZ3JlcCAnaW5ldCAnIHwgYXdrICd7IHByaW50ICQyfScpCmZsYWdzPSItZGF0YS1kaXI9L29wdC9jb25zdWwgLWVuYWJsZS1zY3JpcHQtY2hlY2tzPXRydWUgLWNvbmZpZy1kaXI9L2V0Yy9jb25zdWwuZCIKCi9vcHQvYmluL2NvbnN1bCBhZ2VudCAtc2VydmVyIC1ib290c3RyYXAtZXhwZWN0PTMgLW5vZGU9JHtob3N0bmFtZX0gLWJpbmQ9JHtpcF9hZGRyZXNzfSAtJHtmbGFnc30K\",\n            \"verification\": {}\n          },\n          \"mode\": 420\n        }\n      ]\n    },\n    \"systemd\": {\n      \"units\": [\n        {\n          \"contents\": \"[Unit]\\nDescription=etcd data dir\\nBefore=etcd-member.service\\n\\n[Service]\\nType=oneshot\\nRemainAfterExit=true\\nExecStartPre=/usr/bin/mkdir -p /data/etcd\\nExecStart=/usr/bin/chown etcd:etcd /data/etcd\\n\\n[Install]\\nWantedBy=default.target\\n\",\n          \"enabled\": true,\n          \"name\": \"etcd-data-dir.service\"\n        },\n        {\n          \"dropins\": [\n            {\n              \"contents\": \"[Service]\\nEnvironment=\\\"ETCD_IMAGE_TAG=v3.2.9\\\"\\nEnvironment=\\\"ETCD_NAME=master-3\\\"\\nEnvironment=\\\"ETCD_ADVERTISE_CLIENT_URLS=http://master-3.infra.local:2379\\\"\\nEnvironment=\\\"ETCD_INITIAL_ADVERTISE_PEER_URLS=http://master-3.infra.local:2380\\\"\\nEnvironment=\\\"ETCD_LISTEN_CLIENT_URLS=http://0.0.0.0:2379\\\"\\nEnvironment=\\\"ETCD_LISTEN_PEER_URLS=http://0.0.0.0:2380\\\"\\nEnvironment=\\\"ETCD_INITIAL_CLUSTER=master-1=http://master-1.infra.local:2380,master-2=http://master-2.infra.local:2380,master-3=http://master-3.infra.local:2380\\\"\\nEnvironment=\\\"ETCD_STRICT_RECONFIG_CHECK=true\\\"\\nEnvironment=\\\"ETCD_DATA_DIR=/data/etcd\\\"\\n\",\n              \"name\": \"40-etcd-cluster.conf\"\n            }\n          ],\n          \"enabled\": true,\n          \"name\": \"etcd-member.service\"\n        },\n        {\n          \"dropins\": [\n            {\n              \"contents\": \"[Service]\\nEnvironment=\\\"REBOOT_STRATEGY=etcd-lock\\\"\\n\",\n              \"name\": \"40-etcd-lock.conf\"\n            }\n          ],\n          \"enabled\": true,\n          \"name\": \"locksmithd.service\"\n        },\n        {\n          \"contents\": \"[Unit] \\nDescription=Consul agent bootstrap\\nAfter=docker.service\\nRequires=docker.service\\n\\n[Service]\\nEnvironmentFile=/etc/environment\\n\\nExecStartPre=-/usr/bin/mkdir -p /opt/bin\\nExecStartPre=-/usr/bin/mkdir -p /opt/consul\\nExecStartPre=-/usr/bin/mkdir -p /etc/consul.d\\nExecStartPre=-/usr/bin/wget --retry-connrefused -t 5 -N -P /opt/consul/ https://releases.hashicorp.com/consul/1.0.7/consul_1.0.7_linux_amd64.zip\\nExecStartPre=-/usr/bin/unzip /opt/consul/consul_1.0.7_linux_amd64.zip -d /opt/bin\\n\\nExecStartPre=-/usr/bin/chmod +x /etc/bootstrap-consuld\\n\\nExecStart=/etc/bootstrap-consuld\\n\\n[Install]\\nWantedBy=multi-user.target\\n\\n[X-Fleet]\\nGlobal=true\\n\\n\",\n          \"enabled\": true,\n          \"name\": \"consuld.service\"\n        }\n      ]\n    }\n  }"
                        },
                        "meta": {},
                        "tainted": false
                    },
                    "deposed": [],
                    "provider": "module.master_3.provider.matchbox"
                }
            },
            "depends_on": []
        },
        {
            "path": [
                "root",
                "worker_1"
            ],
            "outputs": {},
            "resources": {
                "data.ignition_config.worker": {
                    "type": "ignition_config",
                    "depends_on": [
                        "module.ignition_files",
                        "module.ignition_networkd",
                        "module.ignition_systemd",
                        "module.ignition_users"
                    ],
                    "primary": {
                        "id": "ab7d004f67deb49ce10abdfbc277b3883759217ed0a61c5786c2e2e2bb1cfecf",
                        "attributes": {
                            "files.#": "2",
                            "files.0": "5d8ffdec7ca178abb5bae400e63dd8d6cdc6d80efc308caba8d5a07cab1ffbe7",
                            "files.1": "b943dd9facc3cdd79cafd64e6b1ffe5dfc812af0e790a16db7ee399ba3934ce6",
                            "id": "ab7d004f67deb49ce10abdfbc277b3883759217ed0a61c5786c2e2e2bb1cfecf",
                            "networkd.#": "2",
                            "networkd.0": "93397e4dccf45f3390f1df14c8f56bbea357e0f13e854b71405f82a09eeebf61",
                            "networkd.1": "9e6d3a4056b7c9657843401303b61c15d2f9bcedcb4fb7a12c83010443759fbb",
                            "rendered": "{\n    \"ignition\": {\n      \"config\": {},\n      \"timeouts\": {},\n      \"version\": \"2.1.0\"\n    },\n    \"networkd\": {\n      \"units\": [\n        {\n          \"contents\": \"[Match]\\nMACAddress=08:00:27:ab:10:10\\n\\n[Link]\\nName=internal0\\nMTUBytes=1500\\n\",\n          \"name\": \"10-internal0.link\"\n        },\n        {\n          \"contents\": \"[Match]\\nName=internal0\\n\\n[Network]\\nLinkLocalAddressing=no\\nIPv6AcceptRA=no\\nDHCP=true\\n\",\n          \"name\": \"20-internal0.network\"\n        }\n      ]\n    },\n    \"passwd\": {\n      \"users\": [\n        {\n          \"groups\": [\n            \"sudo\",\n            \"docker\"\n          ],\n          \"name\": \"demo\",\n          \"sshAuthorizedKeys\": [\n            \"ssh-rsa AAAAB3NzaC1yc2EAAAADAQABAAABAQCuQWrE1R1tnk2bu+CcLDtqEPP2+I60FV3W9enz1pW4iYaKqlCaSqEjgpmhXt1B2n++poDduM5iTrPTjLIOPi2/l0OFgNLnuCLQuPBTb8Eo1ta/feT1cD/YrWPzED0QCrwadEKHsZEf6Zsn2Xs810rrF+ynx02wDddJYCQWXWSzJEUi5duV4NmmTPtLt09n73gNLByDaIABoBGKxqA8hn2drPsM1LxOLgo9nBiyfm/h6KZH/6CqIC40HFL++0w5iurX1aCR8jRtLYgX10AYdWIcKmdiPDi164SmAAgOchGR6DfrPZb0upOXrMzmVfnhIftzIqukMgfrFYFLkK3j2STX root@provisioner01\"\n          ]\n        }\n      ]\n    },\n    \"storage\": {\n      \"files\": [\n        {\n          \"filesystem\": \"root\",\n          \"group\": {},\n          \"path\": \"/etc/hostname\",\n          \"user\": {},\n          \"contents\": {\n            \"source\": \"data:text/plain;charset=utf-8;base64,d29ya2VyLTEuaW5mcmEubG9jYWw=\",\n            \"verification\": {}\n          },\n          \"mode\": 420\n        },\n        {\n          \"filesystem\": \"root\",\n          \"group\": {},\n          \"path\": \"/etc/bootstrap-consulw\",\n          \"user\": {},\n          \"contents\": {\n            \"source\": \"data:text/plain;charset=utf-8;base64,IyEvYmluL2Jhc2gKIApzb3VyY2UgL2V0Yy9lbnZpcm9ubWVudAoKaG9zdG5hbWU9JChjYXQgL2V0Yy9tYWNoaW5lLWlkKQppcF9hZGRyZXNzPSQoL3Vzci9iaW4vaWZjb25maWcgaW50ZXJuYWwwIHwgZ3JlcCAnaW5ldCAnIHwgYXdrICd7IHByaW50ICQyfScpCmZsYWdzPSItZGF0YS1kaXI9L29wdC9jb25zdWwgLWVuYWJsZS1zY3JpcHQtY2hlY2tzPXRydWUgLWNvbmZpZy1kaXI9L2V0Yy9jb25zdWwuZCIKCi9vcHQvYmluL2NvbnN1bCBhZ2VudCAtbm9kZT0ke2hvc3RuYW1lfSAtYmluZD0ke2lwX2FkZHJlc3N9IC0ke2ZsYWdzfQo=\",\n            \"verification\": {}\n          },\n          \"mode\": 420\n        }\n      ]\n    },\n    \"systemd\": {\n      \"units\": [\n        {\n          \"contents\": \"[Unit] \\nDescription=Consul agent bootstrap\\nAfter=docker.service\\nRequires=docker.service\\n\\n[Service]\\nEnvironmentFile=/etc/environment\\n\\n\\nExecStartPre=-/usr/bin/mkdir -p /opt/bin\\nExecStartPre=-/usr/bin/mkdir -p /opt/consul\\nExecStartPre=-/usr/bin/mkdir -p /etc/consul.d\\nExecStartPre=-/usr/bin/wget --retry-connrefused -t 5 -N -P /opt/consul/ https://releases.hashicorp.com/consul/1.0.7/consul_1.0.7_linux_amd64.zip\\nExecStartPre=-/usr/bin/unzip /opt/consul/consul_1.0.7_linux_amd64.zip -d /opt/bin\\n\\nExecStartPre=-/usr/bin/chmod +x /etc/bootstrap-consulw\\n\\nExecStart=/etc/bootstrap-consulw\\n\\n[Install]\\nWantedBy=multi-user.target\\n\\n[X-Fleet]\\nGlobal=true\\n\\n\",\n          \"enabled\": true,\n          \"name\": \"consulw.service\"\n        }\n      ]\n    }\n  }",
                            "systemd.#": "1",
                            "systemd.0": "be2b318d04cea7dbb038563853f3d1d0ed634ad142b996a758839750b3ca649b",
                            "users.#": "1",
                            "users.0": "12a1d78cefb25d1d7f1c69f51d9099f7aa807d75e6d4aec76c13baaea72de0bb"
                        },
                        "meta": {},
                        "tainted": false
                    },
                    "deposed": [],
                    "provider": "provider.ignition"
                },
                "matchbox_group.worker": {
                    "type": "matchbox_group",
                    "depends_on": [
                        "matchbox_profile.worker"
                    ],
                    "primary": {
                        "id": "worker-1.infra.local",
                        "attributes": {
                            "id": "worker-1.infra.local",
                            "name": "worker-1.infra.local",
                            "profile": "worker-1.infra.local",
                            "selector.%": "1",
                            "selector.mac": "08:00:27:ab:10:10"
                        },
                        "meta": {},
                        "tainted": false
                    },
                    "deposed": [],
                    "provider": "module.worker_1.provider.matchbox"
                },
                "matchbox_profile.worker": {
                    "type": "matchbox_profile",
                    "depends_on": [
                        "data.ignition_config.worker"
                    ],
                    "primary": {
                        "id": "worker-1.infra.local",
                        "attributes": {
                            "args.#": "4",
                            "args.0": "coreos.config.url=http://provisioner-1.infra.local:8080/ignition?uuid=${uuid}\u0026mac=${mac:hexhyp}",
                            "args.1": "coreos.first_boot=yes",
                            "args.2": "console=tty0",
                            "args.3": "initrd=coreos_production_pxe_image.cpio.gz",
                            "id": "worker-1.infra.local",
                            "initrd.#": "1",
                            "initrd.0": "/assets/coreos/1465.8.0/coreos_production_pxe_image.cpio.gz",
                            "kernel": "/assets/coreos/1465.8.0/coreos_production_pxe.vmlinuz",
                            "name": "worker-1.infra.local",
                            "raw_ignition": "{\n    \"ignition\": {\n      \"config\": {},\n      \"timeouts\": {},\n      \"version\": \"2.1.0\"\n    },\n    \"networkd\": {\n      \"units\": [\n        {\n          \"contents\": \"[Match]\\nMACAddress=08:00:27:ab:10:10\\n\\n[Link]\\nName=internal0\\nMTUBytes=1500\\n\",\n          \"name\": \"10-internal0.link\"\n        },\n        {\n          \"contents\": \"[Match]\\nName=internal0\\n\\n[Network]\\nLinkLocalAddressing=no\\nIPv6AcceptRA=no\\nDHCP=true\\n\",\n          \"name\": \"20-internal0.network\"\n        }\n      ]\n    },\n    \"passwd\": {\n      \"users\": [\n        {\n          \"groups\": [\n            \"sudo\",\n            \"docker\"\n          ],\n          \"name\": \"demo\",\n          \"sshAuthorizedKeys\": [\n            \"ssh-rsa AAAAB3NzaC1yc2EAAAADAQABAAABAQCuQWrE1R1tnk2bu+CcLDtqEPP2+I60FV3W9enz1pW4iYaKqlCaSqEjgpmhXt1B2n++poDduM5iTrPTjLIOPi2/l0OFgNLnuCLQuPBTb8Eo1ta/feT1cD/YrWPzED0QCrwadEKHsZEf6Zsn2Xs810rrF+ynx02wDddJYCQWXWSzJEUi5duV4NmmTPtLt09n73gNLByDaIABoBGKxqA8hn2drPsM1LxOLgo9nBiyfm/h6KZH/6CqIC40HFL++0w5iurX1aCR8jRtLYgX10AYdWIcKmdiPDi164SmAAgOchGR6DfrPZb0upOXrMzmVfnhIftzIqukMgfrFYFLkK3j2STX root@provisioner01\"\n          ]\n        }\n      ]\n    },\n    \"storage\": {\n      \"files\": [\n        {\n          \"filesystem\": \"root\",\n          \"group\": {},\n          \"path\": \"/etc/hostname\",\n          \"user\": {},\n          \"contents\": {\n            \"source\": \"data:text/plain;charset=utf-8;base64,d29ya2VyLTEuaW5mcmEubG9jYWw=\",\n            \"verification\": {}\n          },\n          \"mode\": 420\n        },\n        {\n          \"filesystem\": \"root\",\n          \"group\": {},\n          \"path\": \"/etc/bootstrap-consulw\",\n          \"user\": {},\n          \"contents\": {\n            \"source\": \"data:text/plain;charset=utf-8;base64,IyEvYmluL2Jhc2gKIApzb3VyY2UgL2V0Yy9lbnZpcm9ubWVudAoKaG9zdG5hbWU9JChjYXQgL2V0Yy9tYWNoaW5lLWlkKQppcF9hZGRyZXNzPSQoL3Vzci9iaW4vaWZjb25maWcgaW50ZXJuYWwwIHwgZ3JlcCAnaW5ldCAnIHwgYXdrICd7IHByaW50ICQyfScpCmZsYWdzPSItZGF0YS1kaXI9L29wdC9jb25zdWwgLWVuYWJsZS1zY3JpcHQtY2hlY2tzPXRydWUgLWNvbmZpZy1kaXI9L2V0Yy9jb25zdWwuZCIKCi9vcHQvYmluL2NvbnN1bCBhZ2VudCAtbm9kZT0ke2hvc3RuYW1lfSAtYmluZD0ke2lwX2FkZHJlc3N9IC0ke2ZsYWdzfQo=\",\n            \"verification\": {}\n          },\n          \"mode\": 420\n        }\n      ]\n    },\n    \"systemd\": {\n      \"units\": [\n        {\n          \"contents\": \"[Unit] \\nDescription=Consul agent bootstrap\\nAfter=docker.service\\nRequires=docker.service\\n\\n[Service]\\nEnvironmentFile=/etc/environment\\n\\n\\nExecStartPre=-/usr/bin/mkdir -p /opt/bin\\nExecStartPre=-/usr/bin/mkdir -p /opt/consul\\nExecStartPre=-/usr/bin/mkdir -p /etc/consul.d\\nExecStartPre=-/usr/bin/wget --retry-connrefused -t 5 -N -P /opt/consul/ https://releases.hashicorp.com/consul/1.0.7/consul_1.0.7_linux_amd64.zip\\nExecStartPre=-/usr/bin/unzip /opt/consul/consul_1.0.7_linux_amd64.zip -d /opt/bin\\n\\nExecStartPre=-/usr/bin/chmod +x /etc/bootstrap-consulw\\n\\nExecStart=/etc/bootstrap-consulw\\n\\n[Install]\\nWantedBy=multi-user.target\\n\\n[X-Fleet]\\nGlobal=true\\n\\n\",\n          \"enabled\": true,\n          \"name\": \"consulw.service\"\n        }\n      ]\n    }\n  }"
                        },
                        "meta": {},
                        "tainted": false
                    },
                    "deposed": [],
                    "provider": "module.worker_1.provider.matchbox"
                }
            },
            "depends_on": []
        },
        {
            "path": [
                "root",
                "worker_2"
            ],
            "outputs": {},
            "resources": {
                "data.ignition_config.worker": {
                    "type": "ignition_config",
                    "depends_on": [
                        "module.ignition_files",
                        "module.ignition_networkd",
                        "module.ignition_systemd",
                        "module.ignition_users"
                    ],
                    "primary": {
                        "id": "cc915c583abe2e4eb46bcc7e724c8ba4f0b2c3bb715a058172b2c58ac9115f52",
                        "attributes": {
                            "files.#": "2",
                            "files.0": "13650b9fbc4887c5d601836a0dbea2265506c8d88aaeaa534c046f2aab9f00a9",
                            "files.1": "b943dd9facc3cdd79cafd64e6b1ffe5dfc812af0e790a16db7ee399ba3934ce6",
                            "id": "cc915c583abe2e4eb46bcc7e724c8ba4f0b2c3bb715a058172b2c58ac9115f52",
                            "networkd.#": "2",
                            "networkd.0": "e8e00a3e03d83bab58292fc9e7d166180a9078302e0988082f1a0ab456a24025",
                            "networkd.1": "9e6d3a4056b7c9657843401303b61c15d2f9bcedcb4fb7a12c83010443759fbb",
                            "rendered": "{\n    \"ignition\": {\n      \"config\": {},\n      \"timeouts\": {},\n      \"version\": \"2.1.0\"\n    },\n    \"networkd\": {\n      \"units\": [\n        {\n          \"contents\": \"[Match]\\nMACAddress=08:00:27:ab:10:11\\n\\n[Link]\\nName=internal0\\nMTUBytes=1500\\n\",\n          \"name\": \"10-internal0.link\"\n        },\n        {\n          \"contents\": \"[Match]\\nName=internal0\\n\\n[Network]\\nLinkLocalAddressing=no\\nIPv6AcceptRA=no\\nDHCP=true\\n\",\n          \"name\": \"20-internal0.network\"\n        }\n      ]\n    },\n    \"passwd\": {\n      \"users\": [\n        {\n          \"groups\": [\n            \"sudo\",\n            \"docker\"\n          ],\n          \"name\": \"demo\",\n          \"sshAuthorizedKeys\": [\n            \"ssh-rsa AAAAB3NzaC1yc2EAAAADAQABAAABAQCuQWrE1R1tnk2bu+CcLDtqEPP2+I60FV3W9enz1pW4iYaKqlCaSqEjgpmhXt1B2n++poDduM5iTrPTjLIOPi2/l0OFgNLnuCLQuPBTb8Eo1ta/feT1cD/YrWPzED0QCrwadEKHsZEf6Zsn2Xs810rrF+ynx02wDddJYCQWXWSzJEUi5duV4NmmTPtLt09n73gNLByDaIABoBGKxqA8hn2drPsM1LxOLgo9nBiyfm/h6KZH/6CqIC40HFL++0w5iurX1aCR8jRtLYgX10AYdWIcKmdiPDi164SmAAgOchGR6DfrPZb0upOXrMzmVfnhIftzIqukMgfrFYFLkK3j2STX root@provisioner01\"\n          ]\n        }\n      ]\n    },\n    \"storage\": {\n      \"files\": [\n        {\n          \"filesystem\": \"root\",\n          \"group\": {},\n          \"path\": \"/etc/hostname\",\n          \"user\": {},\n          \"contents\": {\n            \"source\": \"data:text/plain;charset=utf-8;base64,d29ya2VyLTIuaW5mcmEubG9jYWw=\",\n            \"verification\": {}\n          },\n          \"mode\": 420\n        },\n        {\n          \"filesystem\": \"root\",\n          \"group\": {},\n          \"path\": \"/etc/bootstrap-consulw\",\n          \"user\": {},\n          \"contents\": {\n            \"source\": \"data:text/plain;charset=utf-8;base64,IyEvYmluL2Jhc2gKIApzb3VyY2UgL2V0Yy9lbnZpcm9ubWVudAoKaG9zdG5hbWU9JChjYXQgL2V0Yy9tYWNoaW5lLWlkKQppcF9hZGRyZXNzPSQoL3Vzci9iaW4vaWZjb25maWcgaW50ZXJuYWwwIHwgZ3JlcCAnaW5ldCAnIHwgYXdrICd7IHByaW50ICQyfScpCmZsYWdzPSItZGF0YS1kaXI9L29wdC9jb25zdWwgLWVuYWJsZS1zY3JpcHQtY2hlY2tzPXRydWUgLWNvbmZpZy1kaXI9L2V0Yy9jb25zdWwuZCIKCi9vcHQvYmluL2NvbnN1bCBhZ2VudCAtbm9kZT0ke2hvc3RuYW1lfSAtYmluZD0ke2lwX2FkZHJlc3N9IC0ke2ZsYWdzfQo=\",\n            \"verification\": {}\n          },\n          \"mode\": 420\n        }\n      ]\n    },\n    \"systemd\": {\n      \"units\": [\n        {\n          \"contents\": \"[Unit] \\nDescription=Consul agent bootstrap\\nAfter=docker.service\\nRequires=docker.service\\n\\n[Service]\\nEnvironmentFile=/etc/environment\\n\\n\\nExecStartPre=-/usr/bin/mkdir -p /opt/bin\\nExecStartPre=-/usr/bin/mkdir -p /opt/consul\\nExecStartPre=-/usr/bin/mkdir -p /etc/consul.d\\nExecStartPre=-/usr/bin/wget --retry-connrefused -t 5 -N -P /opt/consul/ https://releases.hashicorp.com/consul/1.0.7/consul_1.0.7_linux_amd64.zip\\nExecStartPre=-/usr/bin/unzip /opt/consul/consul_1.0.7_linux_amd64.zip -d /opt/bin\\n\\nExecStartPre=-/usr/bin/chmod +x /etc/bootstrap-consulw\\n\\nExecStart=/etc/bootstrap-consulw\\n\\n[Install]\\nWantedBy=multi-user.target\\n\\n[X-Fleet]\\nGlobal=true\\n\\n\",\n          \"enabled\": true,\n          \"name\": \"consulw.service\"\n        }\n      ]\n    }\n  }",
                            "systemd.#": "1",
                            "systemd.0": "be2b318d04cea7dbb038563853f3d1d0ed634ad142b996a758839750b3ca649b",
                            "users.#": "1",
                            "users.0": "12a1d78cefb25d1d7f1c69f51d9099f7aa807d75e6d4aec76c13baaea72de0bb"
                        },
                        "meta": {},
                        "tainted": false
                    },
                    "deposed": [],
                    "provider": "provider.ignition"
                },
                "matchbox_group.worker": {
                    "type": "matchbox_group",
                    "depends_on": [
                        "matchbox_profile.worker"
                    ],
                    "primary": {
                        "id": "worker-2.infra.local",
                        "attributes": {
                            "id": "worker-2.infra.local",
                            "name": "worker-2.infra.local",
                            "profile": "worker-2.infra.local",
                            "selector.%": "1",
                            "selector.mac": "08:00:27:ab:10:11"
                        },
                        "meta": {},
                        "tainted": false
                    },
                    "deposed": [],
                    "provider": "module.worker_2.provider.matchbox"
                },
                "matchbox_profile.worker": {
                    "type": "matchbox_profile",
                    "depends_on": [
                        "data.ignition_config.worker"
                    ],
                    "primary": {
                        "id": "worker-2.infra.local",
                        "attributes": {
                            "args.#": "4",
                            "args.0": "coreos.config.url=http://provisioner-1.infra.local:8080/ignition?uuid=${uuid}\u0026mac=${mac:hexhyp}",
                            "args.1": "coreos.first_boot=yes",
                            "args.2": "console=tty0",
                            "args.3": "initrd=coreos_production_pxe_image.cpio.gz",
                            "id": "worker-2.infra.local",
                            "initrd.#": "1",
                            "initrd.0": "/assets/coreos/1465.8.0/coreos_production_pxe_image.cpio.gz",
                            "kernel": "/assets/coreos/1465.8.0/coreos_production_pxe.vmlinuz",
                            "name": "worker-2.infra.local",
                            "raw_ignition": "{\n    \"ignition\": {\n      \"config\": {},\n      \"timeouts\": {},\n      \"version\": \"2.1.0\"\n    },\n    \"networkd\": {\n      \"units\": [\n        {\n          \"contents\": \"[Match]\\nMACAddress=08:00:27:ab:10:11\\n\\n[Link]\\nName=internal0\\nMTUBytes=1500\\n\",\n          \"name\": \"10-internal0.link\"\n        },\n        {\n          \"contents\": \"[Match]\\nName=internal0\\n\\n[Network]\\nLinkLocalAddressing=no\\nIPv6AcceptRA=no\\nDHCP=true\\n\",\n          \"name\": \"20-internal0.network\"\n        }\n      ]\n    },\n    \"passwd\": {\n      \"users\": [\n        {\n          \"groups\": [\n            \"sudo\",\n            \"docker\"\n          ],\n          \"name\": \"demo\",\n          \"sshAuthorizedKeys\": [\n            \"ssh-rsa AAAAB3NzaC1yc2EAAAADAQABAAABAQCuQWrE1R1tnk2bu+CcLDtqEPP2+I60FV3W9enz1pW4iYaKqlCaSqEjgpmhXt1B2n++poDduM5iTrPTjLIOPi2/l0OFgNLnuCLQuPBTb8Eo1ta/feT1cD/YrWPzED0QCrwadEKHsZEf6Zsn2Xs810rrF+ynx02wDddJYCQWXWSzJEUi5duV4NmmTPtLt09n73gNLByDaIABoBGKxqA8hn2drPsM1LxOLgo9nBiyfm/h6KZH/6CqIC40HFL++0w5iurX1aCR8jRtLYgX10AYdWIcKmdiPDi164SmAAgOchGR6DfrPZb0upOXrMzmVfnhIftzIqukMgfrFYFLkK3j2STX root@provisioner01\"\n          ]\n        }\n      ]\n    },\n    \"storage\": {\n      \"files\": [\n        {\n          \"filesystem\": \"root\",\n          \"group\": {},\n          \"path\": \"/etc/hostname\",\n          \"user\": {},\n          \"contents\": {\n            \"source\": \"data:text/plain;charset=utf-8;base64,d29ya2VyLTIuaW5mcmEubG9jYWw=\",\n            \"verification\": {}\n          },\n          \"mode\": 420\n        },\n        {\n          \"filesystem\": \"root\",\n          \"group\": {},\n          \"path\": \"/etc/bootstrap-consulw\",\n          \"user\": {},\n          \"contents\": {\n            \"source\": \"data:text/plain;charset=utf-8;base64,IyEvYmluL2Jhc2gKIApzb3VyY2UgL2V0Yy9lbnZpcm9ubWVudAoKaG9zdG5hbWU9JChjYXQgL2V0Yy9tYWNoaW5lLWlkKQppcF9hZGRyZXNzPSQoL3Vzci9iaW4vaWZjb25maWcgaW50ZXJuYWwwIHwgZ3JlcCAnaW5ldCAnIHwgYXdrICd7IHByaW50ICQyfScpCmZsYWdzPSItZGF0YS1kaXI9L29wdC9jb25zdWwgLWVuYWJsZS1zY3JpcHQtY2hlY2tzPXRydWUgLWNvbmZpZy1kaXI9L2V0Yy9jb25zdWwuZCIKCi9vcHQvYmluL2NvbnN1bCBhZ2VudCAtbm9kZT0ke2hvc3RuYW1lfSAtYmluZD0ke2lwX2FkZHJlc3N9IC0ke2ZsYWdzfQo=\",\n            \"verification\": {}\n          },\n          \"mode\": 420\n        }\n      ]\n    },\n    \"systemd\": {\n      \"units\": [\n        {\n          \"contents\": \"[Unit] \\nDescription=Consul agent bootstrap\\nAfter=docker.service\\nRequires=docker.service\\n\\n[Service]\\nEnvironmentFile=/etc/environment\\n\\n\\nExecStartPre=-/usr/bin/mkdir -p /opt/bin\\nExecStartPre=-/usr/bin/mkdir -p /opt/consul\\nExecStartPre=-/usr/bin/mkdir -p /etc/consul.d\\nExecStartPre=-/usr/bin/wget --retry-connrefused -t 5 -N -P /opt/consul/ https://releases.hashicorp.com/consul/1.0.7/consul_1.0.7_linux_amd64.zip\\nExecStartPre=-/usr/bin/unzip /opt/consul/consul_1.0.7_linux_amd64.zip -d /opt/bin\\n\\nExecStartPre=-/usr/bin/chmod +x /etc/bootstrap-consulw\\n\\nExecStart=/etc/bootstrap-consulw\\n\\n[Install]\\nWantedBy=multi-user.target\\n\\n[X-Fleet]\\nGlobal=true\\n\\n\",\n          \"enabled\": true,\n          \"name\": \"consulw.service\"\n        }\n      ]\n    }\n  }"
                        },
                        "meta": {},
                        "tainted": false
                    },
                    "deposed": [],
                    "provider": "module.worker_2.provider.matchbox"
                }
            },
            "depends_on": []
        },
        {
            "path": [
                "root",
                "master_1",
                "ignition_files"
            ],
            "outputs": {
                "bootstrap-consuld": {
                    "sensitive": false,
                    "type": "string",
                    "value": "a9206175d9aeb3e379aa88dc8bb1a68daad7a46eaa75c7a545a6961baa0be5d3"
                },
                "hostname": {
                    "sensitive": false,
                    "type": "string",
                    "value": "b388b5b49e135f382d8261856fdba184ed3cb6ccb9eb3a817b40bea992b124c2"
                }
            },
            "resources": {
                "data.ignition_file.bootstrap-consuld": {
                    "type": "ignition_file",
                    "depends_on": [],
                    "primary": {
                        "id": "a9206175d9aeb3e379aa88dc8bb1a68daad7a46eaa75c7a545a6961baa0be5d3",
                        "attributes": {
                            "content.#": "1",
                            "content.0.content": "#!/bin/bash\n \nsource /etc/environment\n\nhostname=$(cat /etc/machine-id)\nip_address=$(/usr/bin/ifconfig internal0 | grep 'inet ' | awk '{ print $2}')\nflags=\"-data-dir=/opt/consul -enable-script-checks=true -config-dir=/etc/consul.d\"\n\n/opt/bin/consul agent -server -bootstrap-expect=3 -node=${hostname} -bind=${ip_address} -${flags}\n",
                            "content.0.mime": "text/plain",
                            "filesystem": "root",
                            "id": "a9206175d9aeb3e379aa88dc8bb1a68daad7a46eaa75c7a545a6961baa0be5d3",
                            "mode": "420",
                            "path": "/etc/bootstrap-consuld"
                        },
                        "meta": {},
                        "tainted": false
                    },
                    "deposed": [],
                    "provider": "provider.ignition"
                },
                "data.ignition_file.hostname": {
                    "type": "ignition_file",
                    "depends_on": [],
                    "primary": {
                        "id": "b388b5b49e135f382d8261856fdba184ed3cb6ccb9eb3a817b40bea992b124c2",
                        "attributes": {
                            "content.#": "1",
                            "content.0.content": "master-1.infra.local",
                            "content.0.mime": "text/plain",
                            "filesystem": "root",
                            "id": "b388b5b49e135f382d8261856fdba184ed3cb6ccb9eb3a817b40bea992b124c2",
                            "mode": "420",
                            "path": "/etc/hostname"
                        },
                        "meta": {},
                        "tainted": false
                    },
                    "deposed": [],
                    "provider": "provider.ignition"
                }
            },
            "depends_on": []
        },
        {
            "path": [
                "root",
                "master_1",
                "ignition_networkd"
            ],
            "outputs": {
                "10_internal0_link": {
                    "sensitive": false,
                    "type": "string",
                    "value": "4c4de7215a9e578be035ef4a87cc2be1ef72b42d1128d962f53d85939c0b2d3e"
                },
                "20_internal0_network": {
                    "sensitive": false,
                    "type": "string",
                    "value": "9e6d3a4056b7c9657843401303b61c15d2f9bcedcb4fb7a12c83010443759fbb"
                }
            },
            "resources": {
                "data.ignition_networkd_unit.10_internal0_link": {
                    "type": "ignition_networkd_unit",
                    "depends_on": [
                        "data.template_file.10_internal_link"
                    ],
                    "primary": {
                        "id": "4c4de7215a9e578be035ef4a87cc2be1ef72b42d1128d962f53d85939c0b2d3e",
                        "attributes": {
                            "content": "[Match]\nMACAddress=08:00:27:ab:10:01\n\n[Link]\nName=internal0\nMTUBytes=1500\n",
                            "id": "4c4de7215a9e578be035ef4a87cc2be1ef72b42d1128d962f53d85939c0b2d3e",
                            "name": "10-internal0.link"
                        },
                        "meta": {},
                        "tainted": false
                    },
                    "deposed": [],
                    "provider": "provider.ignition"
                },
                "data.ignition_networkd_unit.20_internal0_network": {
                    "type": "ignition_networkd_unit",
                    "depends_on": [],
                    "primary": {
                        "id": "9e6d3a4056b7c9657843401303b61c15d2f9bcedcb4fb7a12c83010443759fbb",
                        "attributes": {
                            "content": "[Match]\nName=internal0\n\n[Network]\nLinkLocalAddressing=no\nIPv6AcceptRA=no\nDHCP=true\n",
                            "id": "9e6d3a4056b7c9657843401303b61c15d2f9bcedcb4fb7a12c83010443759fbb",
                            "name": "20-internal0.network"
                        },
                        "meta": {},
                        "tainted": false
                    },
                    "deposed": [],
                    "provider": "provider.ignition"
                },
                "data.template_file.10_internal_link": {
                    "type": "template_file",
                    "depends_on": [],
                    "primary": {
                        "id": "c3563b162234168a7ac3bb75b2a71bba730824c1fc12cf3c5ba1eecb2a79c871",
                        "attributes": {
                            "id": "c3563b162234168a7ac3bb75b2a71bba730824c1fc12cf3c5ba1eecb2a79c871",
                            "rendered": "[Match]\nMACAddress=08:00:27:ab:10:01\n\n[Link]\nName=internal0\nMTUBytes=1500\n",
                            "template": "[Match]\nMACAddress=${mac_address}\n\n[Link]\nName=internal0\nMTUBytes=${mtu_bytes}\n",
                            "vars.%": "2",
                            "vars.mac_address": "08:00:27:ab:10:01",
                            "vars.mtu_bytes": "1500"
                        },
                        "meta": {},
                        "tainted": false
                    },
                    "deposed": [],
                    "provider": "provider.template"
                }
            },
            "depends_on": []
        },
        {
            "path": [
                "root",
                "master_1",
                "ignition_systemd"
            ],
            "outputs": {
                "consuld": {
                    "sensitive": false,
                    "type": "string",
                    "value": "3b00dc47367cf8a7c0cf0cdb88bb54ca95aa62354130fdf84b36730b95dbb6e8"
                },
                "etcd_data_dir_service": {
                    "sensitive": false,
                    "type": "string",
                    "value": "987076e6f8be02c9c02e312727afb698625e675e36e87b8245274dc3b1249077"
                },
                "etcd_member_service": {
                    "sensitive": false,
                    "type": "string",
                    "value": "58803a412c4a61f69373f2f7a8d53345711b8f4770868567744a563791219662"
                },
                "locksmithd_service": {
                    "sensitive": false,
                    "type": "string",
                    "value": "b399460ce8d0c2960fd0d82e9240c23edf1ad26880fa69832d68f5e59aa23af9"
                }
            },
            "resources": {
                "data.ignition_config.consuld": {
                    "type": "ignition_config",
                    "depends_on": [
                        "data.ignition_systemd_unit.consuld"
                    ],
                    "primary": {
                        "id": "561f773c0772e7dc3d437d2c18cd40f25d2dd4248345ad7107cdc383f73350f1",
                        "attributes": {
                            "id": "561f773c0772e7dc3d437d2c18cd40f25d2dd4248345ad7107cdc383f73350f1",
                            "rendered": "{\n    \"ignition\": {\n      \"config\": {},\n      \"timeouts\": {},\n      \"version\": \"2.1.0\"\n    },\n    \"networkd\": {},\n    \"passwd\": {},\n    \"storage\": {},\n    \"systemd\": {\n      \"units\": [\n        {\n          \"contents\": \"[Unit] \\nDescription=Consul agent bootstrap\\nAfter=docker.service\\nRequires=docker.service\\n\\n[Service]\\nEnvironmentFile=/etc/environment\\n\\nExecStartPre=-/usr/bin/mkdir -p /opt/bin\\nExecStartPre=-/usr/bin/mkdir -p /opt/consul\\nExecStartPre=-/usr/bin/mkdir -p /etc/consul.d\\nExecStartPre=-/usr/bin/wget --retry-connrefused -t 5 -N -P /opt/consul/ https://releases.hashicorp.com/consul/1.0.7/consul_1.0.7_linux_amd64.zip\\nExecStartPre=-/usr/bin/unzip /opt/consul/consul_1.0.7_linux_amd64.zip -d /opt/bin\\n\\nExecStartPre=-/usr/bin/chmod +x /etc/bootstrap-consuld\\n\\nExecStart=/etc/bootstrap-consuld\\n\\n[Install]\\nWantedBy=multi-user.target\\n\\n[X-Fleet]\\nGlobal=true\\n\\n\",\n          \"enabled\": true,\n          \"name\": \"consuld.service\"\n        }\n      ]\n    }\n  }",
                            "systemd.#": "1",
                            "systemd.0": "3b00dc47367cf8a7c0cf0cdb88bb54ca95aa62354130fdf84b36730b95dbb6e8"
                        },
                        "meta": {},
                        "tainted": false
                    },
                    "deposed": [],
                    "provider": "provider.ignition"
                },
                "data.ignition_systemd_unit.consuld": {
                    "type": "ignition_systemd_unit",
                    "depends_on": [
                        "data.template_file.consuld"
                    ],
                    "primary": {
                        "id": "3b00dc47367cf8a7c0cf0cdb88bb54ca95aa62354130fdf84b36730b95dbb6e8",
                        "attributes": {
                            "content": "[Unit] \nDescription=Consul agent bootstrap\nAfter=docker.service\nRequires=docker.service\n\n[Service]\nEnvironmentFile=/etc/environment\n\nExecStartPre=-/usr/bin/mkdir -p /opt/bin\nExecStartPre=-/usr/bin/mkdir -p /opt/consul\nExecStartPre=-/usr/bin/mkdir -p /etc/consul.d\nExecStartPre=-/usr/bin/wget --retry-connrefused -t 5 -N -P /opt/consul/ https://releases.hashicorp.com/consul/1.0.7/consul_1.0.7_linux_amd64.zip\nExecStartPre=-/usr/bin/unzip /opt/consul/consul_1.0.7_linux_amd64.zip -d /opt/bin\n\nExecStartPre=-/usr/bin/chmod +x /etc/bootstrap-consuld\n\nExecStart=/etc/bootstrap-consuld\n\n[Install]\nWantedBy=multi-user.target\n\n[X-Fleet]\nGlobal=true\n\n",
                            "enabled": "true",
                            "id": "3b00dc47367cf8a7c0cf0cdb88bb54ca95aa62354130fdf84b36730b95dbb6e8",
                            "name": "consuld.service"
                        },
                        "meta": {},
                        "tainted": false
                    },
                    "deposed": [],
                    "provider": "provider.ignition"
                },
                "data.ignition_systemd_unit.etcd_data_dir_service": {
                    "type": "ignition_systemd_unit",
                    "depends_on": [
                        "data.template_file.etcd_data_dir_service"
                    ],
                    "primary": {
                        "id": "987076e6f8be02c9c02e312727afb698625e675e36e87b8245274dc3b1249077",
                        "attributes": {
                            "content": "[Unit]\nDescription=etcd data dir\nBefore=etcd-member.service\n\n[Service]\nType=oneshot\nRemainAfterExit=true\nExecStartPre=/usr/bin/mkdir -p /data/etcd\nExecStart=/usr/bin/chown etcd:etcd /data/etcd\n\n[Install]\nWantedBy=default.target\n",
                            "enabled": "true",
                            "id": "987076e6f8be02c9c02e312727afb698625e675e36e87b8245274dc3b1249077",
                            "name": "etcd-data-dir.service"
                        },
                        "meta": {},
                        "tainted": false
                    },
                    "deposed": [],
                    "provider": "provider.ignition"
                },
                "data.ignition_systemd_unit.etcd_member_service": {
                    "type": "ignition_systemd_unit",
                    "depends_on": [
                        "data.template_file.40_etcd_cluster_conf"
                    ],
                    "primary": {
                        "id": "58803a412c4a61f69373f2f7a8d53345711b8f4770868567744a563791219662",
                        "attributes": {
                            "dropin.#": "1",
                            "dropin.0.content": "[Service]\nEnvironment=\"ETCD_IMAGE_TAG=v3.2.9\"\nEnvironment=\"ETCD_NAME=master-1\"\nEnvironment=\"ETCD_ADVERTISE_CLIENT_URLS=http://master-1.infra.local:2379\"\nEnvironment=\"ETCD_INITIAL_ADVERTISE_PEER_URLS=http://master-1.infra.local:2380\"\nEnvironment=\"ETCD_LISTEN_CLIENT_URLS=http://0.0.0.0:2379\"\nEnvironment=\"ETCD_LISTEN_PEER_URLS=http://0.0.0.0:2380\"\nEnvironment=\"ETCD_INITIAL_CLUSTER=master-1=http://master-1.infra.local:2380,master-2=http://master-2.infra.local:2380,master-3=http://master-3.infra.local:2380\"\nEnvironment=\"ETCD_STRICT_RECONFIG_CHECK=true\"\nEnvironment=\"ETCD_DATA_DIR=/data/etcd\"\n",
                            "dropin.0.name": "40-etcd-cluster.conf",
                            "enabled": "true",
                            "id": "58803a412c4a61f69373f2f7a8d53345711b8f4770868567744a563791219662",
                            "name": "etcd-member.service"
                        },
                        "meta": {},
                        "tainted": false
                    },
                    "deposed": [],
                    "provider": "provider.ignition"
                },
                "data.ignition_systemd_unit.locksmithd_service": {
                    "type": "ignition_systemd_unit",
                    "depends_on": [],
                    "primary": {
                        "id": "b399460ce8d0c2960fd0d82e9240c23edf1ad26880fa69832d68f5e59aa23af9",
                        "attributes": {
                            "dropin.#": "1",
                            "dropin.0.content": "[Service]\nEnvironment=\"REBOOT_STRATEGY=etcd-lock\"\n",
                            "dropin.0.name": "40-etcd-lock.conf",
                            "enabled": "true",
                            "id": "b399460ce8d0c2960fd0d82e9240c23edf1ad26880fa69832d68f5e59aa23af9",
                            "name": "locksmithd.service"
                        },
                        "meta": {},
                        "tainted": false
                    },
                    "deposed": [],
                    "provider": "provider.ignition"
                },
                "data.template_file.40_etcd_cluster_conf": {
                    "type": "template_file",
                    "depends_on": [],
                    "primary": {
                        "id": "bb1993fc6f67ea16aa7bd2f29018bb74dfdc12dae128c214fcf26e785c2cf718",
                        "attributes": {
                            "id": "bb1993fc6f67ea16aa7bd2f29018bb74dfdc12dae128c214fcf26e785c2cf718",
                            "rendered": "[Service]\nEnvironment=\"ETCD_IMAGE_TAG=v3.2.9\"\nEnvironment=\"ETCD_NAME=master-1\"\nEnvironment=\"ETCD_ADVERTISE_CLIENT_URLS=http://master-1.infra.local:2379\"\nEnvironment=\"ETCD_INITIAL_ADVERTISE_PEER_URLS=http://master-1.infra.local:2380\"\nEnvironment=\"ETCD_LISTEN_CLIENT_URLS=http://0.0.0.0:2379\"\nEnvironment=\"ETCD_LISTEN_PEER_URLS=http://0.0.0.0:2380\"\nEnvironment=\"ETCD_INITIAL_CLUSTER=master-1=http://master-1.infra.local:2380,master-2=http://master-2.infra.local:2380,master-3=http://master-3.infra.local:2380\"\nEnvironment=\"ETCD_STRICT_RECONFIG_CHECK=true\"\nEnvironment=\"ETCD_DATA_DIR=/data/etcd\"\n",
                            "template": "[Service]\nEnvironment=\"ETCD_IMAGE_TAG=${etcd_image_tag}\"\nEnvironment=\"ETCD_NAME=${etcd_name}\"\nEnvironment=\"ETCD_ADVERTISE_CLIENT_URLS=http://${etcd_fqdn}:2379\"\nEnvironment=\"ETCD_INITIAL_ADVERTISE_PEER_URLS=http://${etcd_fqdn}:2380\"\nEnvironment=\"ETCD_LISTEN_CLIENT_URLS=${etcd_listen_client_urls}\"\nEnvironment=\"ETCD_LISTEN_PEER_URLS=${etcd_listen_peers_urls}\"\nEnvironment=\"ETCD_INITIAL_CLUSTER=${etcd_initial_cluster}\"\nEnvironment=\"ETCD_STRICT_RECONFIG_CHECK=true\"\nEnvironment=\"ETCD_DATA_DIR=${etcd_data_dir}\"\n",
                            "vars.%": "7",
                            "vars.etcd_data_dir": "/data/etcd",
                            "vars.etcd_fqdn": "master-1.infra.local",
                            "vars.etcd_image_tag": "v3.2.9",
                            "vars.etcd_initial_cluster": "master-1=http://master-1.infra.local:2380,master-2=http://master-2.infra.local:2380,master-3=http://master-3.infra.local:2380",
                            "vars.etcd_listen_client_urls": "http://0.0.0.0:2379",
                            "vars.etcd_listen_peers_urls": "http://0.0.0.0:2380",
                            "vars.etcd_name": "master-1"
                        },
                        "meta": {},
                        "tainted": false
                    },
                    "deposed": [],
                    "provider": "provider.template"
                },
                "data.template_file.consuld": {
                    "type": "template_file",
                    "depends_on": [],
                    "primary": {
                        "id": "2d3f16c28f36c99256eadb54c7a0878e350db6a8e11e217d5d8c320e39f69ad7",
                        "attributes": {
                            "id": "2d3f16c28f36c99256eadb54c7a0878e350db6a8e11e217d5d8c320e39f69ad7",
                            "rendered": "[Unit] \nDescription=Consul agent bootstrap\nAfter=docker.service\nRequires=docker.service\n\n[Service]\nEnvironmentFile=/etc/environment\n\nExecStartPre=-/usr/bin/mkdir -p /opt/bin\nExecStartPre=-/usr/bin/mkdir -p /opt/consul\nExecStartPre=-/usr/bin/mkdir -p /etc/consul.d\nExecStartPre=-/usr/bin/wget --retry-connrefused -t 5 -N -P /opt/consul/ https://releases.hashicorp.com/consul/1.0.7/consul_1.0.7_linux_amd64.zip\nExecStartPre=-/usr/bin/unzip /opt/consul/consul_1.0.7_linux_amd64.zip -d /opt/bin\n\nExecStartPre=-/usr/bin/chmod +x /etc/bootstrap-consuld\n\nExecStart=/etc/bootstrap-consuld\n\n[Install]\nWantedBy=multi-user.target\n\n[X-Fleet]\nGlobal=true\n\n",
                            "template": "[Unit] \nDescription=Consul agent bootstrap\nAfter=docker.service\nRequires=docker.service\n\n[Service]\nEnvironmentFile=/etc/environment\n\nExecStartPre=-/usr/bin/mkdir -p /opt/bin\nExecStartPre=-/usr/bin/mkdir -p /opt/consul\nExecStartPre=-/usr/bin/mkdir -p /etc/consul.d\nExecStartPre=-/usr/bin/wget --retry-connrefused -t 5 -N -P /opt/consul/ https://releases.hashicorp.com/consul/1.0.7/consul_1.0.7_linux_amd64.zip\nExecStartPre=-/usr/bin/unzip /opt/consul/consul_1.0.7_linux_amd64.zip -d /opt/bin\n\nExecStartPre=-/usr/bin/chmod +x /etc/bootstrap-consuld\n\nExecStart=/etc/bootstrap-consuld\n\n[Install]\nWantedBy=multi-user.target\n\n[X-Fleet]\nGlobal=true\n\n"
                        },
                        "meta": {},
                        "tainted": false
                    },
                    "deposed": [],
                    "provider": "provider.template"
                },
                "data.template_file.etcd_data_dir_service": {
                    "type": "template_file",
                    "depends_on": [],
                    "primary": {
                        "id": "850903b38e606b610c9fd3242b53bba865ea1f9462fab2806a9d84aad90e4d96",
                        "attributes": {
                            "id": "850903b38e606b610c9fd3242b53bba865ea1f9462fab2806a9d84aad90e4d96",
                            "rendered": "[Unit]\nDescription=etcd data dir\nBefore=etcd-member.service\n\n[Service]\nType=oneshot\nRemainAfterExit=true\nExecStartPre=/usr/bin/mkdir -p /data/etcd\nExecStart=/usr/bin/chown etcd:etcd /data/etcd\n\n[Install]\nWantedBy=default.target\n",
                            "template": "[Unit]\nDescription=etcd data dir\nBefore=etcd-member.service\n\n[Service]\nType=oneshot\nRemainAfterExit=true\nExecStartPre=/usr/bin/mkdir -p ${etcd_data_dir}\nExecStart=/usr/bin/chown etcd:etcd ${etcd_data_dir}\n\n[Install]\nWantedBy=default.target\n",
                            "vars.%": "1",
                            "vars.etcd_data_dir": "/data/etcd"
                        },
                        "meta": {},
                        "tainted": false
                    },
                    "deposed": [],
                    "provider": "provider.template"
                }
            },
            "depends_on": []
        },
        {
            "path": [
                "root",
                "master_1",
                "ignition_users"
            ],
            "outputs": {
                "demo": {
                    "sensitive": false,
                    "type": "string",
                    "value": "12a1d78cefb25d1d7f1c69f51d9099f7aa807d75e6d4aec76c13baaea72de0bb"
                }
            },
            "resources": {
                "data.ignition_user.demo": {
                    "type": "ignition_user",
                    "depends_on": [],
                    "primary": {
                        "id": "12a1d78cefb25d1d7f1c69f51d9099f7aa807d75e6d4aec76c13baaea72de0bb",
                        "attributes": {
                            "groups.#": "2",
                            "groups.0": "sudo",
                            "groups.1": "docker",
                            "id": "12a1d78cefb25d1d7f1c69f51d9099f7aa807d75e6d4aec76c13baaea72de0bb",
                            "name": "demo",
                            "ssh_authorized_keys.#": "1",
                            "ssh_authorized_keys.0": "ssh-rsa AAAAB3NzaC1yc2EAAAADAQABAAABAQCuQWrE1R1tnk2bu+CcLDtqEPP2+I60FV3W9enz1pW4iYaKqlCaSqEjgpmhXt1B2n++poDduM5iTrPTjLIOPi2/l0OFgNLnuCLQuPBTb8Eo1ta/feT1cD/YrWPzED0QCrwadEKHsZEf6Zsn2Xs810rrF+ynx02wDddJYCQWXWSzJEUi5duV4NmmTPtLt09n73gNLByDaIABoBGKxqA8hn2drPsM1LxOLgo9nBiyfm/h6KZH/6CqIC40HFL++0w5iurX1aCR8jRtLYgX10AYdWIcKmdiPDi164SmAAgOchGR6DfrPZb0upOXrMzmVfnhIftzIqukMgfrFYFLkK3j2STX root@provisioner01"
                        },
                        "meta": {},
                        "tainted": false
                    },
                    "deposed": [],
                    "provider": "provider.ignition"
                }
            },
            "depends_on": []
        },
        {
            "path": [
                "root",
                "master_2",
                "ignition_files"
            ],
            "outputs": {
                "bootstrap-consuld": {
                    "sensitive": false,
                    "type": "string",
                    "value": "a9206175d9aeb3e379aa88dc8bb1a68daad7a46eaa75c7a545a6961baa0be5d3"
                },
                "hostname": {
                    "sensitive": false,
                    "type": "string",
                    "value": "617f4b7581d716699a4adcb82088f4b6079e894eed3d27548a01a901e49210ab"
                }
            },
            "resources": {
                "data.ignition_file.bootstrap-consuld": {
                    "type": "ignition_file",
                    "depends_on": [],
                    "primary": {
                        "id": "a9206175d9aeb3e379aa88dc8bb1a68daad7a46eaa75c7a545a6961baa0be5d3",
                        "attributes": {
                            "content.#": "1",
                            "content.0.content": "#!/bin/bash\n \nsource /etc/environment\n\nhostname=$(cat /etc/machine-id)\nip_address=$(/usr/bin/ifconfig internal0 | grep 'inet ' | awk '{ print $2}')\nflags=\"-data-dir=/opt/consul -enable-script-checks=true -config-dir=/etc/consul.d\"\n\n/opt/bin/consul agent -server -bootstrap-expect=3 -node=${hostname} -bind=${ip_address} -${flags}\n",
                            "content.0.mime": "text/plain",
                            "filesystem": "root",
                            "id": "a9206175d9aeb3e379aa88dc8bb1a68daad7a46eaa75c7a545a6961baa0be5d3",
                            "mode": "420",
                            "path": "/etc/bootstrap-consuld"
                        },
                        "meta": {},
                        "tainted": false
                    },
                    "deposed": [],
                    "provider": "provider.ignition"
                },
                "data.ignition_file.hostname": {
                    "type": "ignition_file",
                    "depends_on": [],
                    "primary": {
                        "id": "617f4b7581d716699a4adcb82088f4b6079e894eed3d27548a01a901e49210ab",
                        "attributes": {
                            "content.#": "1",
                            "content.0.content": "master-2.infra.local",
                            "content.0.mime": "text/plain",
                            "filesystem": "root",
                            "id": "617f4b7581d716699a4adcb82088f4b6079e894eed3d27548a01a901e49210ab",
                            "mode": "420",
                            "path": "/etc/hostname"
                        },
                        "meta": {},
                        "tainted": false
                    },
                    "deposed": [],
                    "provider": "provider.ignition"
                }
            },
            "depends_on": []
        },
        {
            "path": [
                "root",
                "master_2",
                "ignition_networkd"
            ],
            "outputs": {
                "10_internal0_link": {
                    "sensitive": false,
                    "type": "string",
                    "value": "922c2e70f4132ec0a642434ec3c9effebaa0368962bec17fd69ddc7af32a9800"
                },
                "20_internal0_network": {
                    "sensitive": false,
                    "type": "string",
                    "value": "9e6d3a4056b7c9657843401303b61c15d2f9bcedcb4fb7a12c83010443759fbb"
                }
            },
            "resources": {
                "data.ignition_networkd_unit.10_internal0_link": {
                    "type": "ignition_networkd_unit",
                    "depends_on": [
                        "data.template_file.10_internal_link"
                    ],
                    "primary": {
                        "id": "922c2e70f4132ec0a642434ec3c9effebaa0368962bec17fd69ddc7af32a9800",
                        "attributes": {
                            "content": "[Match]\nMACAddress=08:00:27:ab:10:02\n\n[Link]\nName=internal0\nMTUBytes=1500\n",
                            "id": "922c2e70f4132ec0a642434ec3c9effebaa0368962bec17fd69ddc7af32a9800",
                            "name": "10-internal0.link"
                        },
                        "meta": {},
                        "tainted": false
                    },
                    "deposed": [],
                    "provider": "provider.ignition"
                },
                "data.ignition_networkd_unit.20_internal0_network": {
                    "type": "ignition_networkd_unit",
                    "depends_on": [],
                    "primary": {
                        "id": "9e6d3a4056b7c9657843401303b61c15d2f9bcedcb4fb7a12c83010443759fbb",
                        "attributes": {
                            "content": "[Match]\nName=internal0\n\n[Network]\nLinkLocalAddressing=no\nIPv6AcceptRA=no\nDHCP=true\n",
                            "id": "9e6d3a4056b7c9657843401303b61c15d2f9bcedcb4fb7a12c83010443759fbb",
                            "name": "20-internal0.network"
                        },
                        "meta": {},
                        "tainted": false
                    },
                    "deposed": [],
                    "provider": "provider.ignition"
                },
                "data.template_file.10_internal_link": {
                    "type": "template_file",
                    "depends_on": [],
                    "primary": {
                        "id": "f400de30e6dd2bbc3a88c78cf007806045b404126cc3b228ecd14f81bbc6db3d",
                        "attributes": {
                            "id": "f400de30e6dd2bbc3a88c78cf007806045b404126cc3b228ecd14f81bbc6db3d",
                            "rendered": "[Match]\nMACAddress=08:00:27:ab:10:02\n\n[Link]\nName=internal0\nMTUBytes=1500\n",
                            "template": "[Match]\nMACAddress=${mac_address}\n\n[Link]\nName=internal0\nMTUBytes=${mtu_bytes}\n",
                            "vars.%": "2",
                            "vars.mac_address": "08:00:27:ab:10:02",
                            "vars.mtu_bytes": "1500"
                        },
                        "meta": {},
                        "tainted": false
                    },
                    "deposed": [],
                    "provider": "provider.template"
                }
            },
            "depends_on": []
        },
        {
            "path": [
                "root",
                "master_2",
                "ignition_systemd"
            ],
            "outputs": {
                "consuld": {
                    "sensitive": false,
                    "type": "string",
                    "value": "3b00dc47367cf8a7c0cf0cdb88bb54ca95aa62354130fdf84b36730b95dbb6e8"
                },
                "etcd_data_dir_service": {
                    "sensitive": false,
                    "type": "string",
                    "value": "987076e6f8be02c9c02e312727afb698625e675e36e87b8245274dc3b1249077"
                },
                "etcd_member_service": {
                    "sensitive": false,
                    "type": "string",
                    "value": "8f1b30286490739e50ee374d6208e0c41c072c74d694193ccbedb2845fa70bf1"
                },
                "locksmithd_service": {
                    "sensitive": false,
                    "type": "string",
                    "value": "b399460ce8d0c2960fd0d82e9240c23edf1ad26880fa69832d68f5e59aa23af9"
                }
            },
            "resources": {
                "data.ignition_config.consuld": {
                    "type": "ignition_config",
                    "depends_on": [
                        "data.ignition_systemd_unit.consuld"
                    ],
                    "primary": {
                        "id": "561f773c0772e7dc3d437d2c18cd40f25d2dd4248345ad7107cdc383f73350f1",
                        "attributes": {
                            "id": "561f773c0772e7dc3d437d2c18cd40f25d2dd4248345ad7107cdc383f73350f1",
                            "rendered": "{\n    \"ignition\": {\n      \"config\": {},\n      \"timeouts\": {},\n      \"version\": \"2.1.0\"\n    },\n    \"networkd\": {},\n    \"passwd\": {},\n    \"storage\": {},\n    \"systemd\": {\n      \"units\": [\n        {\n          \"contents\": \"[Unit] \\nDescription=Consul agent bootstrap\\nAfter=docker.service\\nRequires=docker.service\\n\\n[Service]\\nEnvironmentFile=/etc/environment\\n\\nExecStartPre=-/usr/bin/mkdir -p /opt/bin\\nExecStartPre=-/usr/bin/mkdir -p /opt/consul\\nExecStartPre=-/usr/bin/mkdir -p /etc/consul.d\\nExecStartPre=-/usr/bin/wget --retry-connrefused -t 5 -N -P /opt/consul/ https://releases.hashicorp.com/consul/1.0.7/consul_1.0.7_linux_amd64.zip\\nExecStartPre=-/usr/bin/unzip /opt/consul/consul_1.0.7_linux_amd64.zip -d /opt/bin\\n\\nExecStartPre=-/usr/bin/chmod +x /etc/bootstrap-consuld\\n\\nExecStart=/etc/bootstrap-consuld\\n\\n[Install]\\nWantedBy=multi-user.target\\n\\n[X-Fleet]\\nGlobal=true\\n\\n\",\n          \"enabled\": true,\n          \"name\": \"consuld.service\"\n        }\n      ]\n    }\n  }",
                            "systemd.#": "1",
                            "systemd.0": "3b00dc47367cf8a7c0cf0cdb88bb54ca95aa62354130fdf84b36730b95dbb6e8"
                        },
                        "meta": {},
                        "tainted": false
                    },
                    "deposed": [],
                    "provider": "provider.ignition"
                },
                "data.ignition_systemd_unit.consuld": {
                    "type": "ignition_systemd_unit",
                    "depends_on": [
                        "data.template_file.consuld"
                    ],
                    "primary": {
                        "id": "3b00dc47367cf8a7c0cf0cdb88bb54ca95aa62354130fdf84b36730b95dbb6e8",
                        "attributes": {
                            "content": "[Unit] \nDescription=Consul agent bootstrap\nAfter=docker.service\nRequires=docker.service\n\n[Service]\nEnvironmentFile=/etc/environment\n\nExecStartPre=-/usr/bin/mkdir -p /opt/bin\nExecStartPre=-/usr/bin/mkdir -p /opt/consul\nExecStartPre=-/usr/bin/mkdir -p /etc/consul.d\nExecStartPre=-/usr/bin/wget --retry-connrefused -t 5 -N -P /opt/consul/ https://releases.hashicorp.com/consul/1.0.7/consul_1.0.7_linux_amd64.zip\nExecStartPre=-/usr/bin/unzip /opt/consul/consul_1.0.7_linux_amd64.zip -d /opt/bin\n\nExecStartPre=-/usr/bin/chmod +x /etc/bootstrap-consuld\n\nExecStart=/etc/bootstrap-consuld\n\n[Install]\nWantedBy=multi-user.target\n\n[X-Fleet]\nGlobal=true\n\n",
                            "enabled": "true",
                            "id": "3b00dc47367cf8a7c0cf0cdb88bb54ca95aa62354130fdf84b36730b95dbb6e8",
                            "name": "consuld.service"
                        },
                        "meta": {},
                        "tainted": false
                    },
                    "deposed": [],
                    "provider": "provider.ignition"
                },
                "data.ignition_systemd_unit.etcd_data_dir_service": {
                    "type": "ignition_systemd_unit",
                    "depends_on": [
                        "data.template_file.etcd_data_dir_service"
                    ],
                    "primary": {
                        "id": "987076e6f8be02c9c02e312727afb698625e675e36e87b8245274dc3b1249077",
                        "attributes": {
                            "content": "[Unit]\nDescription=etcd data dir\nBefore=etcd-member.service\n\n[Service]\nType=oneshot\nRemainAfterExit=true\nExecStartPre=/usr/bin/mkdir -p /data/etcd\nExecStart=/usr/bin/chown etcd:etcd /data/etcd\n\n[Install]\nWantedBy=default.target\n",
                            "enabled": "true",
                            "id": "987076e6f8be02c9c02e312727afb698625e675e36e87b8245274dc3b1249077",
                            "name": "etcd-data-dir.service"
                        },
                        "meta": {},
                        "tainted": false
                    },
                    "deposed": [],
                    "provider": "provider.ignition"
                },
                "data.ignition_systemd_unit.etcd_member_service": {
                    "type": "ignition_systemd_unit",
                    "depends_on": [
                        "data.template_file.40_etcd_cluster_conf"
                    ],
                    "primary": {
                        "id": "8f1b30286490739e50ee374d6208e0c41c072c74d694193ccbedb2845fa70bf1",
                        "attributes": {
                            "dropin.#": "1",
                            "dropin.0.content": "[Service]\nEnvironment=\"ETCD_IMAGE_TAG=v3.2.9\"\nEnvironment=\"ETCD_NAME=master-2\"\nEnvironment=\"ETCD_ADVERTISE_CLIENT_URLS=http://master-2.infra.local:2379\"\nEnvironment=\"ETCD_INITIAL_ADVERTISE_PEER_URLS=http://master-2.infra.local:2380\"\nEnvironment=\"ETCD_LISTEN_CLIENT_URLS=http://0.0.0.0:2379\"\nEnvironment=\"ETCD_LISTEN_PEER_URLS=http://0.0.0.0:2380\"\nEnvironment=\"ETCD_INITIAL_CLUSTER=master-1=http://master-1.infra.local:2380,master-2=http://master-2.infra.local:2380,master-3=http://master-3.infra.local:2380\"\nEnvironment=\"ETCD_STRICT_RECONFIG_CHECK=true\"\nEnvironment=\"ETCD_DATA_DIR=/data/etcd\"\n",
                            "dropin.0.name": "40-etcd-cluster.conf",
                            "enabled": "true",
                            "id": "8f1b30286490739e50ee374d6208e0c41c072c74d694193ccbedb2845fa70bf1",
                            "name": "etcd-member.service"
                        },
                        "meta": {},
                        "tainted": false
                    },
                    "deposed": [],
                    "provider": "provider.ignition"
                },
                "data.ignition_systemd_unit.locksmithd_service": {
                    "type": "ignition_systemd_unit",
                    "depends_on": [],
                    "primary": {
                        "id": "b399460ce8d0c2960fd0d82e9240c23edf1ad26880fa69832d68f5e59aa23af9",
                        "attributes": {
                            "dropin.#": "1",
                            "dropin.0.content": "[Service]\nEnvironment=\"REBOOT_STRATEGY=etcd-lock\"\n",
                            "dropin.0.name": "40-etcd-lock.conf",
                            "enabled": "true",
                            "id": "b399460ce8d0c2960fd0d82e9240c23edf1ad26880fa69832d68f5e59aa23af9",
                            "name": "locksmithd.service"
                        },
                        "meta": {},
                        "tainted": false
                    },
                    "deposed": [],
                    "provider": "provider.ignition"
                },
                "data.template_file.40_etcd_cluster_conf": {
                    "type": "template_file",
                    "depends_on": [],
                    "primary": {
                        "id": "585bc4945bc3e63f168d9521c954a8d209d26b5f25ddc38dd7e922dbfa5f9282",
                        "attributes": {
                            "id": "585bc4945bc3e63f168d9521c954a8d209d26b5f25ddc38dd7e922dbfa5f9282",
                            "rendered": "[Service]\nEnvironment=\"ETCD_IMAGE_TAG=v3.2.9\"\nEnvironment=\"ETCD_NAME=master-2\"\nEnvironment=\"ETCD_ADVERTISE_CLIENT_URLS=http://master-2.infra.local:2379\"\nEnvironment=\"ETCD_INITIAL_ADVERTISE_PEER_URLS=http://master-2.infra.local:2380\"\nEnvironment=\"ETCD_LISTEN_CLIENT_URLS=http://0.0.0.0:2379\"\nEnvironment=\"ETCD_LISTEN_PEER_URLS=http://0.0.0.0:2380\"\nEnvironment=\"ETCD_INITIAL_CLUSTER=master-1=http://master-1.infra.local:2380,master-2=http://master-2.infra.local:2380,master-3=http://master-3.infra.local:2380\"\nEnvironment=\"ETCD_STRICT_RECONFIG_CHECK=true\"\nEnvironment=\"ETCD_DATA_DIR=/data/etcd\"\n",
                            "template": "[Service]\nEnvironment=\"ETCD_IMAGE_TAG=${etcd_image_tag}\"\nEnvironment=\"ETCD_NAME=${etcd_name}\"\nEnvironment=\"ETCD_ADVERTISE_CLIENT_URLS=http://${etcd_fqdn}:2379\"\nEnvironment=\"ETCD_INITIAL_ADVERTISE_PEER_URLS=http://${etcd_fqdn}:2380\"\nEnvironment=\"ETCD_LISTEN_CLIENT_URLS=${etcd_listen_client_urls}\"\nEnvironment=\"ETCD_LISTEN_PEER_URLS=${etcd_listen_peers_urls}\"\nEnvironment=\"ETCD_INITIAL_CLUSTER=${etcd_initial_cluster}\"\nEnvironment=\"ETCD_STRICT_RECONFIG_CHECK=true\"\nEnvironment=\"ETCD_DATA_DIR=${etcd_data_dir}\"\n",
                            "vars.%": "7",
                            "vars.etcd_data_dir": "/data/etcd",
                            "vars.etcd_fqdn": "master-2.infra.local",
                            "vars.etcd_image_tag": "v3.2.9",
                            "vars.etcd_initial_cluster": "master-1=http://master-1.infra.local:2380,master-2=http://master-2.infra.local:2380,master-3=http://master-3.infra.local:2380",
                            "vars.etcd_listen_client_urls": "http://0.0.0.0:2379",
                            "vars.etcd_listen_peers_urls": "http://0.0.0.0:2380",
                            "vars.etcd_name": "master-2"
                        },
                        "meta": {},
                        "tainted": false
                    },
                    "deposed": [],
                    "provider": "provider.template"
                },
                "data.template_file.consuld": {
                    "type": "template_file",
                    "depends_on": [],
                    "primary": {
                        "id": "2d3f16c28f36c99256eadb54c7a0878e350db6a8e11e217d5d8c320e39f69ad7",
                        "attributes": {
                            "id": "2d3f16c28f36c99256eadb54c7a0878e350db6a8e11e217d5d8c320e39f69ad7",
                            "rendered": "[Unit] \nDescription=Consul agent bootstrap\nAfter=docker.service\nRequires=docker.service\n\n[Service]\nEnvironmentFile=/etc/environment\n\nExecStartPre=-/usr/bin/mkdir -p /opt/bin\nExecStartPre=-/usr/bin/mkdir -p /opt/consul\nExecStartPre=-/usr/bin/mkdir -p /etc/consul.d\nExecStartPre=-/usr/bin/wget --retry-connrefused -t 5 -N -P /opt/consul/ https://releases.hashicorp.com/consul/1.0.7/consul_1.0.7_linux_amd64.zip\nExecStartPre=-/usr/bin/unzip /opt/consul/consul_1.0.7_linux_amd64.zip -d /opt/bin\n\nExecStartPre=-/usr/bin/chmod +x /etc/bootstrap-consuld\n\nExecStart=/etc/bootstrap-consuld\n\n[Install]\nWantedBy=multi-user.target\n\n[X-Fleet]\nGlobal=true\n\n",
                            "template": "[Unit] \nDescription=Consul agent bootstrap\nAfter=docker.service\nRequires=docker.service\n\n[Service]\nEnvironmentFile=/etc/environment\n\nExecStartPre=-/usr/bin/mkdir -p /opt/bin\nExecStartPre=-/usr/bin/mkdir -p /opt/consul\nExecStartPre=-/usr/bin/mkdir -p /etc/consul.d\nExecStartPre=-/usr/bin/wget --retry-connrefused -t 5 -N -P /opt/consul/ https://releases.hashicorp.com/consul/1.0.7/consul_1.0.7_linux_amd64.zip\nExecStartPre=-/usr/bin/unzip /opt/consul/consul_1.0.7_linux_amd64.zip -d /opt/bin\n\nExecStartPre=-/usr/bin/chmod +x /etc/bootstrap-consuld\n\nExecStart=/etc/bootstrap-consuld\n\n[Install]\nWantedBy=multi-user.target\n\n[X-Fleet]\nGlobal=true\n\n"
                        },
                        "meta": {},
                        "tainted": false
                    },
                    "deposed": [],
                    "provider": "provider.template"
                },
                "data.template_file.etcd_data_dir_service": {
                    "type": "template_file",
                    "depends_on": [],
                    "primary": {
                        "id": "850903b38e606b610c9fd3242b53bba865ea1f9462fab2806a9d84aad90e4d96",
                        "attributes": {
                            "id": "850903b38e606b610c9fd3242b53bba865ea1f9462fab2806a9d84aad90e4d96",
                            "rendered": "[Unit]\nDescription=etcd data dir\nBefore=etcd-member.service\n\n[Service]\nType=oneshot\nRemainAfterExit=true\nExecStartPre=/usr/bin/mkdir -p /data/etcd\nExecStart=/usr/bin/chown etcd:etcd /data/etcd\n\n[Install]\nWantedBy=default.target\n",
                            "template": "[Unit]\nDescription=etcd data dir\nBefore=etcd-member.service\n\n[Service]\nType=oneshot\nRemainAfterExit=true\nExecStartPre=/usr/bin/mkdir -p ${etcd_data_dir}\nExecStart=/usr/bin/chown etcd:etcd ${etcd_data_dir}\n\n[Install]\nWantedBy=default.target\n",
                            "vars.%": "1",
                            "vars.etcd_data_dir": "/data/etcd"
                        },
                        "meta": {},
                        "tainted": false
                    },
                    "deposed": [],
                    "provider": "provider.template"
                }
            },
            "depends_on": []
        },
        {
            "path": [
                "root",
                "master_2",
                "ignition_users"
            ],
            "outputs": {
                "demo": {
                    "sensitive": false,
                    "type": "string",
                    "value": "12a1d78cefb25d1d7f1c69f51d9099f7aa807d75e6d4aec76c13baaea72de0bb"
                }
            },
            "resources": {
                "data.ignition_user.demo": {
                    "type": "ignition_user",
                    "depends_on": [],
                    "primary": {
                        "id": "12a1d78cefb25d1d7f1c69f51d9099f7aa807d75e6d4aec76c13baaea72de0bb",
                        "attributes": {
                            "groups.#": "2",
                            "groups.0": "sudo",
                            "groups.1": "docker",
                            "id": "12a1d78cefb25d1d7f1c69f51d9099f7aa807d75e6d4aec76c13baaea72de0bb",
                            "name": "demo",
                            "ssh_authorized_keys.#": "1",
                            "ssh_authorized_keys.0": "ssh-rsa AAAAB3NzaC1yc2EAAAADAQABAAABAQCuQWrE1R1tnk2bu+CcLDtqEPP2+I60FV3W9enz1pW4iYaKqlCaSqEjgpmhXt1B2n++poDduM5iTrPTjLIOPi2/l0OFgNLnuCLQuPBTb8Eo1ta/feT1cD/YrWPzED0QCrwadEKHsZEf6Zsn2Xs810rrF+ynx02wDddJYCQWXWSzJEUi5duV4NmmTPtLt09n73gNLByDaIABoBGKxqA8hn2drPsM1LxOLgo9nBiyfm/h6KZH/6CqIC40HFL++0w5iurX1aCR8jRtLYgX10AYdWIcKmdiPDi164SmAAgOchGR6DfrPZb0upOXrMzmVfnhIftzIqukMgfrFYFLkK3j2STX root@provisioner01"
                        },
                        "meta": {},
                        "tainted": false
                    },
                    "deposed": [],
                    "provider": "provider.ignition"
                }
            },
            "depends_on": []
        },
        {
            "path": [
                "root",
                "master_3",
                "ignition_files"
            ],
            "outputs": {
                "bootstrap-consuld": {
                    "sensitive": false,
                    "type": "string",
                    "value": "a9206175d9aeb3e379aa88dc8bb1a68daad7a46eaa75c7a545a6961baa0be5d3"
                },
                "hostname": {
                    "sensitive": false,
                    "type": "string",
                    "value": "f8bcbb9c1478200ebc39419fada4bbb4102dd5c465a834b2621f05195fe46977"
                }
            },
            "resources": {
                "data.ignition_file.bootstrap-consuld": {
                    "type": "ignition_file",
                    "depends_on": [],
                    "primary": {
                        "id": "a9206175d9aeb3e379aa88dc8bb1a68daad7a46eaa75c7a545a6961baa0be5d3",
                        "attributes": {
                            "content.#": "1",
                            "content.0.content": "#!/bin/bash\n \nsource /etc/environment\n\nhostname=$(cat /etc/machine-id)\nip_address=$(/usr/bin/ifconfig internal0 | grep 'inet ' | awk '{ print $2}')\nflags=\"-data-dir=/opt/consul -enable-script-checks=true -config-dir=/etc/consul.d\"\n\n/opt/bin/consul agent -server -bootstrap-expect=3 -node=${hostname} -bind=${ip_address} -${flags}\n",
                            "content.0.mime": "text/plain",
                            "filesystem": "root",
                            "id": "a9206175d9aeb3e379aa88dc8bb1a68daad7a46eaa75c7a545a6961baa0be5d3",
                            "mode": "420",
                            "path": "/etc/bootstrap-consuld"
                        },
                        "meta": {},
                        "tainted": false
                    },
                    "deposed": [],
                    "provider": "provider.ignition"
                },
                "data.ignition_file.hostname": {
                    "type": "ignition_file",
                    "depends_on": [],
                    "primary": {
                        "id": "f8bcbb9c1478200ebc39419fada4bbb4102dd5c465a834b2621f05195fe46977",
                        "attributes": {
                            "content.#": "1",
                            "content.0.content": "master-3.infra.local",
                            "content.0.mime": "text/plain",
                            "filesystem": "root",
                            "id": "f8bcbb9c1478200ebc39419fada4bbb4102dd5c465a834b2621f05195fe46977",
                            "mode": "420",
                            "path": "/etc/hostname"
                        },
                        "meta": {},
                        "tainted": false
                    },
                    "deposed": [],
                    "provider": "provider.ignition"
                }
            },
            "depends_on": []
        },
        {
            "path": [
                "root",
                "master_3",
                "ignition_networkd"
            ],
            "outputs": {
                "10_internal0_link": {
                    "sensitive": false,
                    "type": "string",
                    "value": "c7bcc70a4e8fd000c324c1f2630646e91980116d7ef8deacf9354f28ce1864e4"
                },
                "20_internal0_network": {
                    "sensitive": false,
                    "type": "string",
                    "value": "9e6d3a4056b7c9657843401303b61c15d2f9bcedcb4fb7a12c83010443759fbb"
                }
            },
            "resources": {
                "data.ignition_networkd_unit.10_internal0_link": {
                    "type": "ignition_networkd_unit",
                    "depends_on": [
                        "data.template_file.10_internal_link"
                    ],
                    "primary": {
                        "id": "c7bcc70a4e8fd000c324c1f2630646e91980116d7ef8deacf9354f28ce1864e4",
                        "attributes": {
                            "content": "[Match]\nMACAddress=08:00:27:ab:10:03\n\n[Link]\nName=internal0\nMTUBytes=1500\n",
                            "id": "c7bcc70a4e8fd000c324c1f2630646e91980116d7ef8deacf9354f28ce1864e4",
                            "name": "10-internal0.link"
                        },
                        "meta": {},
                        "tainted": false
                    },
                    "deposed": [],
                    "provider": "provider.ignition"
                },
                "data.ignition_networkd_unit.20_internal0_network": {
                    "type": "ignition_networkd_unit",
                    "depends_on": [],
                    "primary": {
                        "id": "9e6d3a4056b7c9657843401303b61c15d2f9bcedcb4fb7a12c83010443759fbb",
                        "attributes": {
                            "content": "[Match]\nName=internal0\n\n[Network]\nLinkLocalAddressing=no\nIPv6AcceptRA=no\nDHCP=true\n",
                            "id": "9e6d3a4056b7c9657843401303b61c15d2f9bcedcb4fb7a12c83010443759fbb",
                            "name": "20-internal0.network"
                        },
                        "meta": {},
                        "tainted": false
                    },
                    "deposed": [],
                    "provider": "provider.ignition"
                },
                "data.template_file.10_internal_link": {
                    "type": "template_file",
                    "depends_on": [],
                    "primary": {
                        "id": "009c8257c647c500401c35a5a415ab08664a6489ce0c370ce81f7f46009c6d09",
                        "attributes": {
                            "id": "009c8257c647c500401c35a5a415ab08664a6489ce0c370ce81f7f46009c6d09",
                            "rendered": "[Match]\nMACAddress=08:00:27:ab:10:03\n\n[Link]\nName=internal0\nMTUBytes=1500\n",
                            "template": "[Match]\nMACAddress=${mac_address}\n\n[Link]\nName=internal0\nMTUBytes=${mtu_bytes}\n",
                            "vars.%": "2",
                            "vars.mac_address": "08:00:27:ab:10:03",
                            "vars.mtu_bytes": "1500"
                        },
                        "meta": {},
                        "tainted": false
                    },
                    "deposed": [],
                    "provider": "provider.template"
                }
            },
            "depends_on": []
        },
        {
            "path": [
                "root",
                "master_3",
                "ignition_systemd"
            ],
            "outputs": {
                "consuld": {
                    "sensitive": false,
                    "type": "string",
                    "value": "3b00dc47367cf8a7c0cf0cdb88bb54ca95aa62354130fdf84b36730b95dbb6e8"
                },
                "etcd_data_dir_service": {
                    "sensitive": false,
                    "type": "string",
                    "value": "987076e6f8be02c9c02e312727afb698625e675e36e87b8245274dc3b1249077"
                },
                "etcd_member_service": {
                    "sensitive": false,
                    "type": "string",
                    "value": "0bb70460826b96d338ed25c1a9163e2e301f156a39a57736b654337e691b697b"
                },
                "locksmithd_service": {
                    "sensitive": false,
                    "type": "string",
                    "value": "b399460ce8d0c2960fd0d82e9240c23edf1ad26880fa69832d68f5e59aa23af9"
                }
            },
            "resources": {
                "data.ignition_config.consuld": {
                    "type": "ignition_config",
                    "depends_on": [
                        "data.ignition_systemd_unit.consuld"
                    ],
                    "primary": {
                        "id": "561f773c0772e7dc3d437d2c18cd40f25d2dd4248345ad7107cdc383f73350f1",
                        "attributes": {
                            "id": "561f773c0772e7dc3d437d2c18cd40f25d2dd4248345ad7107cdc383f73350f1",
                            "rendered": "{\n    \"ignition\": {\n      \"config\": {},\n      \"timeouts\": {},\n      \"version\": \"2.1.0\"\n    },\n    \"networkd\": {},\n    \"passwd\": {},\n    \"storage\": {},\n    \"systemd\": {\n      \"units\": [\n        {\n          \"contents\": \"[Unit] \\nDescription=Consul agent bootstrap\\nAfter=docker.service\\nRequires=docker.service\\n\\n[Service]\\nEnvironmentFile=/etc/environment\\n\\nExecStartPre=-/usr/bin/mkdir -p /opt/bin\\nExecStartPre=-/usr/bin/mkdir -p /opt/consul\\nExecStartPre=-/usr/bin/mkdir -p /etc/consul.d\\nExecStartPre=-/usr/bin/wget --retry-connrefused -t 5 -N -P /opt/consul/ https://releases.hashicorp.com/consul/1.0.7/consul_1.0.7_linux_amd64.zip\\nExecStartPre=-/usr/bin/unzip /opt/consul/consul_1.0.7_linux_amd64.zip -d /opt/bin\\n\\nExecStartPre=-/usr/bin/chmod +x /etc/bootstrap-consuld\\n\\nExecStart=/etc/bootstrap-consuld\\n\\n[Install]\\nWantedBy=multi-user.target\\n\\n[X-Fleet]\\nGlobal=true\\n\\n\",\n          \"enabled\": true,\n          \"name\": \"consuld.service\"\n        }\n      ]\n    }\n  }",
                            "systemd.#": "1",
                            "systemd.0": "3b00dc47367cf8a7c0cf0cdb88bb54ca95aa62354130fdf84b36730b95dbb6e8"
                        },
                        "meta": {},
                        "tainted": false
                    },
                    "deposed": [],
                    "provider": "provider.ignition"
                },
                "data.ignition_systemd_unit.consuld": {
                    "type": "ignition_systemd_unit",
                    "depends_on": [
                        "data.template_file.consuld"
                    ],
                    "primary": {
                        "id": "3b00dc47367cf8a7c0cf0cdb88bb54ca95aa62354130fdf84b36730b95dbb6e8",
                        "attributes": {
                            "content": "[Unit] \nDescription=Consul agent bootstrap\nAfter=docker.service\nRequires=docker.service\n\n[Service]\nEnvironmentFile=/etc/environment\n\nExecStartPre=-/usr/bin/mkdir -p /opt/bin\nExecStartPre=-/usr/bin/mkdir -p /opt/consul\nExecStartPre=-/usr/bin/mkdir -p /etc/consul.d\nExecStartPre=-/usr/bin/wget --retry-connrefused -t 5 -N -P /opt/consul/ https://releases.hashicorp.com/consul/1.0.7/consul_1.0.7_linux_amd64.zip\nExecStartPre=-/usr/bin/unzip /opt/consul/consul_1.0.7_linux_amd64.zip -d /opt/bin\n\nExecStartPre=-/usr/bin/chmod +x /etc/bootstrap-consuld\n\nExecStart=/etc/bootstrap-consuld\n\n[Install]\nWantedBy=multi-user.target\n\n[X-Fleet]\nGlobal=true\n\n",
                            "enabled": "true",
                            "id": "3b00dc47367cf8a7c0cf0cdb88bb54ca95aa62354130fdf84b36730b95dbb6e8",
                            "name": "consuld.service"
                        },
                        "meta": {},
                        "tainted": false
                    },
                    "deposed": [],
                    "provider": "provider.ignition"
                },
                "data.ignition_systemd_unit.etcd_data_dir_service": {
                    "type": "ignition_systemd_unit",
                    "depends_on": [
                        "data.template_file.etcd_data_dir_service"
                    ],
                    "primary": {
                        "id": "987076e6f8be02c9c02e312727afb698625e675e36e87b8245274dc3b1249077",
                        "attributes": {
                            "content": "[Unit]\nDescription=etcd data dir\nBefore=etcd-member.service\n\n[Service]\nType=oneshot\nRemainAfterExit=true\nExecStartPre=/usr/bin/mkdir -p /data/etcd\nExecStart=/usr/bin/chown etcd:etcd /data/etcd\n\n[Install]\nWantedBy=default.target\n",
                            "enabled": "true",
                            "id": "987076e6f8be02c9c02e312727afb698625e675e36e87b8245274dc3b1249077",
                            "name": "etcd-data-dir.service"
                        },
                        "meta": {},
                        "tainted": false
                    },
                    "deposed": [],
                    "provider": "provider.ignition"
                },
                "data.ignition_systemd_unit.etcd_member_service": {
                    "type": "ignition_systemd_unit",
                    "depends_on": [
                        "data.template_file.40_etcd_cluster_conf"
                    ],
                    "primary": {
                        "id": "0bb70460826b96d338ed25c1a9163e2e301f156a39a57736b654337e691b697b",
                        "attributes": {
                            "dropin.#": "1",
                            "dropin.0.content": "[Service]\nEnvironment=\"ETCD_IMAGE_TAG=v3.2.9\"\nEnvironment=\"ETCD_NAME=master-3\"\nEnvironment=\"ETCD_ADVERTISE_CLIENT_URLS=http://master-3.infra.local:2379\"\nEnvironment=\"ETCD_INITIAL_ADVERTISE_PEER_URLS=http://master-3.infra.local:2380\"\nEnvironment=\"ETCD_LISTEN_CLIENT_URLS=http://0.0.0.0:2379\"\nEnvironment=\"ETCD_LISTEN_PEER_URLS=http://0.0.0.0:2380\"\nEnvironment=\"ETCD_INITIAL_CLUSTER=master-1=http://master-1.infra.local:2380,master-2=http://master-2.infra.local:2380,master-3=http://master-3.infra.local:2380\"\nEnvironment=\"ETCD_STRICT_RECONFIG_CHECK=true\"\nEnvironment=\"ETCD_DATA_DIR=/data/etcd\"\n",
                            "dropin.0.name": "40-etcd-cluster.conf",
                            "enabled": "true",
                            "id": "0bb70460826b96d338ed25c1a9163e2e301f156a39a57736b654337e691b697b",
                            "name": "etcd-member.service"
                        },
                        "meta": {},
                        "tainted": false
                    },
                    "deposed": [],
                    "provider": "provider.ignition"
                },
                "data.ignition_systemd_unit.locksmithd_service": {
                    "type": "ignition_systemd_unit",
                    "depends_on": [],
                    "primary": {
                        "id": "b399460ce8d0c2960fd0d82e9240c23edf1ad26880fa69832d68f5e59aa23af9",
                        "attributes": {
                            "dropin.#": "1",
                            "dropin.0.content": "[Service]\nEnvironment=\"REBOOT_STRATEGY=etcd-lock\"\n",
                            "dropin.0.name": "40-etcd-lock.conf",
                            "enabled": "true",
                            "id": "b399460ce8d0c2960fd0d82e9240c23edf1ad26880fa69832d68f5e59aa23af9",
                            "name": "locksmithd.service"
                        },
                        "meta": {},
                        "tainted": false
                    },
                    "deposed": [],
                    "provider": "provider.ignition"
                },
                "data.template_file.40_etcd_cluster_conf": {
                    "type": "template_file",
                    "depends_on": [],
                    "primary": {
                        "id": "1be22443bc2e2d3b1b41a48aa3b4d9d9067718f0e381c7838defeb3ff9212640",
                        "attributes": {
                            "id": "1be22443bc2e2d3b1b41a48aa3b4d9d9067718f0e381c7838defeb3ff9212640",
                            "rendered": "[Service]\nEnvironment=\"ETCD_IMAGE_TAG=v3.2.9\"\nEnvironment=\"ETCD_NAME=master-3\"\nEnvironment=\"ETCD_ADVERTISE_CLIENT_URLS=http://master-3.infra.local:2379\"\nEnvironment=\"ETCD_INITIAL_ADVERTISE_PEER_URLS=http://master-3.infra.local:2380\"\nEnvironment=\"ETCD_LISTEN_CLIENT_URLS=http://0.0.0.0:2379\"\nEnvironment=\"ETCD_LISTEN_PEER_URLS=http://0.0.0.0:2380\"\nEnvironment=\"ETCD_INITIAL_CLUSTER=master-1=http://master-1.infra.local:2380,master-2=http://master-2.infra.local:2380,master-3=http://master-3.infra.local:2380\"\nEnvironment=\"ETCD_STRICT_RECONFIG_CHECK=true\"\nEnvironment=\"ETCD_DATA_DIR=/data/etcd\"\n",
                            "template": "[Service]\nEnvironment=\"ETCD_IMAGE_TAG=${etcd_image_tag}\"\nEnvironment=\"ETCD_NAME=${etcd_name}\"\nEnvironment=\"ETCD_ADVERTISE_CLIENT_URLS=http://${etcd_fqdn}:2379\"\nEnvironment=\"ETCD_INITIAL_ADVERTISE_PEER_URLS=http://${etcd_fqdn}:2380\"\nEnvironment=\"ETCD_LISTEN_CLIENT_URLS=${etcd_listen_client_urls}\"\nEnvironment=\"ETCD_LISTEN_PEER_URLS=${etcd_listen_peers_urls}\"\nEnvironment=\"ETCD_INITIAL_CLUSTER=${etcd_initial_cluster}\"\nEnvironment=\"ETCD_STRICT_RECONFIG_CHECK=true\"\nEnvironment=\"ETCD_DATA_DIR=${etcd_data_dir}\"\n",
                            "vars.%": "7",
                            "vars.etcd_data_dir": "/data/etcd",
                            "vars.etcd_fqdn": "master-3.infra.local",
                            "vars.etcd_image_tag": "v3.2.9",
                            "vars.etcd_initial_cluster": "master-1=http://master-1.infra.local:2380,master-2=http://master-2.infra.local:2380,master-3=http://master-3.infra.local:2380",
                            "vars.etcd_listen_client_urls": "http://0.0.0.0:2379",
                            "vars.etcd_listen_peers_urls": "http://0.0.0.0:2380",
                            "vars.etcd_name": "master-3"
                        },
                        "meta": {},
                        "tainted": false
                    },
                    "deposed": [],
                    "provider": "provider.template"
                },
                "data.template_file.consuld": {
                    "type": "template_file",
                    "depends_on": [],
                    "primary": {
                        "id": "2d3f16c28f36c99256eadb54c7a0878e350db6a8e11e217d5d8c320e39f69ad7",
                        "attributes": {
                            "id": "2d3f16c28f36c99256eadb54c7a0878e350db6a8e11e217d5d8c320e39f69ad7",
                            "rendered": "[Unit] \nDescription=Consul agent bootstrap\nAfter=docker.service\nRequires=docker.service\n\n[Service]\nEnvironmentFile=/etc/environment\n\nExecStartPre=-/usr/bin/mkdir -p /opt/bin\nExecStartPre=-/usr/bin/mkdir -p /opt/consul\nExecStartPre=-/usr/bin/mkdir -p /etc/consul.d\nExecStartPre=-/usr/bin/wget --retry-connrefused -t 5 -N -P /opt/consul/ https://releases.hashicorp.com/consul/1.0.7/consul_1.0.7_linux_amd64.zip\nExecStartPre=-/usr/bin/unzip /opt/consul/consul_1.0.7_linux_amd64.zip -d /opt/bin\n\nExecStartPre=-/usr/bin/chmod +x /etc/bootstrap-consuld\n\nExecStart=/etc/bootstrap-consuld\n\n[Install]\nWantedBy=multi-user.target\n\n[X-Fleet]\nGlobal=true\n\n",
                            "template": "[Unit] \nDescription=Consul agent bootstrap\nAfter=docker.service\nRequires=docker.service\n\n[Service]\nEnvironmentFile=/etc/environment\n\nExecStartPre=-/usr/bin/mkdir -p /opt/bin\nExecStartPre=-/usr/bin/mkdir -p /opt/consul\nExecStartPre=-/usr/bin/mkdir -p /etc/consul.d\nExecStartPre=-/usr/bin/wget --retry-connrefused -t 5 -N -P /opt/consul/ https://releases.hashicorp.com/consul/1.0.7/consul_1.0.7_linux_amd64.zip\nExecStartPre=-/usr/bin/unzip /opt/consul/consul_1.0.7_linux_amd64.zip -d /opt/bin\n\nExecStartPre=-/usr/bin/chmod +x /etc/bootstrap-consuld\n\nExecStart=/etc/bootstrap-consuld\n\n[Install]\nWantedBy=multi-user.target\n\n[X-Fleet]\nGlobal=true\n\n"
                        },
                        "meta": {},
                        "tainted": false
                    },
                    "deposed": [],
                    "provider": "provider.template"
                },
                "data.template_file.etcd_data_dir_service": {
                    "type": "template_file",
                    "depends_on": [],
                    "primary": {
                        "id": "850903b38e606b610c9fd3242b53bba865ea1f9462fab2806a9d84aad90e4d96",
                        "attributes": {
                            "id": "850903b38e606b610c9fd3242b53bba865ea1f9462fab2806a9d84aad90e4d96",
                            "rendered": "[Unit]\nDescription=etcd data dir\nBefore=etcd-member.service\n\n[Service]\nType=oneshot\nRemainAfterExit=true\nExecStartPre=/usr/bin/mkdir -p /data/etcd\nExecStart=/usr/bin/chown etcd:etcd /data/etcd\n\n[Install]\nWantedBy=default.target\n",
                            "template": "[Unit]\nDescription=etcd data dir\nBefore=etcd-member.service\n\n[Service]\nType=oneshot\nRemainAfterExit=true\nExecStartPre=/usr/bin/mkdir -p ${etcd_data_dir}\nExecStart=/usr/bin/chown etcd:etcd ${etcd_data_dir}\n\n[Install]\nWantedBy=default.target\n",
                            "vars.%": "1",
                            "vars.etcd_data_dir": "/data/etcd"
                        },
                        "meta": {},
                        "tainted": false
                    },
                    "deposed": [],
                    "provider": "provider.template"
                }
            },
            "depends_on": []
        },
        {
            "path": [
                "root",
                "master_3",
                "ignition_users"
            ],
            "outputs": {
                "demo": {
                    "sensitive": false,
                    "type": "string",
                    "value": "12a1d78cefb25d1d7f1c69f51d9099f7aa807d75e6d4aec76c13baaea72de0bb"
                }
            },
            "resources": {
                "data.ignition_user.demo": {
                    "type": "ignition_user",
                    "depends_on": [],
                    "primary": {
                        "id": "12a1d78cefb25d1d7f1c69f51d9099f7aa807d75e6d4aec76c13baaea72de0bb",
                        "attributes": {
                            "groups.#": "2",
                            "groups.0": "sudo",
                            "groups.1": "docker",
                            "id": "12a1d78cefb25d1d7f1c69f51d9099f7aa807d75e6d4aec76c13baaea72de0bb",
                            "name": "demo",
                            "ssh_authorized_keys.#": "1",
                            "ssh_authorized_keys.0": "ssh-rsa AAAAB3NzaC1yc2EAAAADAQABAAABAQCuQWrE1R1tnk2bu+CcLDtqEPP2+I60FV3W9enz1pW4iYaKqlCaSqEjgpmhXt1B2n++poDduM5iTrPTjLIOPi2/l0OFgNLnuCLQuPBTb8Eo1ta/feT1cD/YrWPzED0QCrwadEKHsZEf6Zsn2Xs810rrF+ynx02wDddJYCQWXWSzJEUi5duV4NmmTPtLt09n73gNLByDaIABoBGKxqA8hn2drPsM1LxOLgo9nBiyfm/h6KZH/6CqIC40HFL++0w5iurX1aCR8jRtLYgX10AYdWIcKmdiPDi164SmAAgOchGR6DfrPZb0upOXrMzmVfnhIftzIqukMgfrFYFLkK3j2STX root@provisioner01"
                        },
                        "meta": {},
                        "tainted": false
                    },
                    "deposed": [],
                    "provider": "provider.ignition"
                }
            },
            "depends_on": []
        },
        {
            "path": [
                "root",
                "worker_1",
                "ignition_files"
            ],
            "outputs": {
                "bootstrap-consulw": {
                    "sensitive": false,
                    "type": "string",
                    "value": "b943dd9facc3cdd79cafd64e6b1ffe5dfc812af0e790a16db7ee399ba3934ce6"
                },
                "hostname": {
                    "sensitive": false,
                    "type": "string",
                    "value": "5d8ffdec7ca178abb5bae400e63dd8d6cdc6d80efc308caba8d5a07cab1ffbe7"
                }
            },
            "resources": {
                "data.ignition_file.bootstrap-consulw": {
                    "type": "ignition_file",
                    "depends_on": [],
                    "primary": {
                        "id": "b943dd9facc3cdd79cafd64e6b1ffe5dfc812af0e790a16db7ee399ba3934ce6",
                        "attributes": {
                            "content.#": "1",
                            "content.0.content": "#!/bin/bash\n \nsource /etc/environment\n\nhostname=$(cat /etc/machine-id)\nip_address=$(/usr/bin/ifconfig internal0 | grep 'inet ' | awk '{ print $2}')\nflags=\"-data-dir=/opt/consul -enable-script-checks=true -config-dir=/etc/consul.d\"\n\n/opt/bin/consul agent -node=${hostname} -bind=${ip_address} -${flags}\n",
                            "content.0.mime": "text/plain",
                            "filesystem": "root",
                            "id": "b943dd9facc3cdd79cafd64e6b1ffe5dfc812af0e790a16db7ee399ba3934ce6",
                            "mode": "420",
                            "path": "/etc/bootstrap-consulw"
                        },
                        "meta": {},
                        "tainted": false
                    },
                    "deposed": [],
                    "provider": "provider.ignition"
                },
                "data.ignition_file.hostname": {
                    "type": "ignition_file",
                    "depends_on": [],
                    "primary": {
                        "id": "5d8ffdec7ca178abb5bae400e63dd8d6cdc6d80efc308caba8d5a07cab1ffbe7",
                        "attributes": {
                            "content.#": "1",
                            "content.0.content": "worker-1.infra.local",
                            "content.0.mime": "text/plain",
                            "filesystem": "root",
                            "id": "5d8ffdec7ca178abb5bae400e63dd8d6cdc6d80efc308caba8d5a07cab1ffbe7",
                            "mode": "420",
                            "path": "/etc/hostname"
                        },
                        "meta": {},
                        "tainted": false
                    },
                    "deposed": [],
                    "provider": "provider.ignition"
                }
            },
            "depends_on": []
        },
        {
            "path": [
                "root",
                "worker_1",
                "ignition_networkd"
            ],
            "outputs": {
                "10_internal0_link": {
                    "sensitive": false,
                    "type": "string",
                    "value": "93397e4dccf45f3390f1df14c8f56bbea357e0f13e854b71405f82a09eeebf61"
                },
                "20_internal0_network": {
                    "sensitive": false,
                    "type": "string",
                    "value": "9e6d3a4056b7c9657843401303b61c15d2f9bcedcb4fb7a12c83010443759fbb"
                }
            },
            "resources": {
                "data.ignition_networkd_unit.10_internal0_link": {
                    "type": "ignition_networkd_unit",
                    "depends_on": [
                        "data.template_file.10_internal_link"
                    ],
                    "primary": {
                        "id": "93397e4dccf45f3390f1df14c8f56bbea357e0f13e854b71405f82a09eeebf61",
                        "attributes": {
                            "content": "[Match]\nMACAddress=08:00:27:ab:10:10\n\n[Link]\nName=internal0\nMTUBytes=1500\n",
                            "id": "93397e4dccf45f3390f1df14c8f56bbea357e0f13e854b71405f82a09eeebf61",
                            "name": "10-internal0.link"
                        },
                        "meta": {},
                        "tainted": false
                    },
                    "deposed": [],
                    "provider": "provider.ignition"
                },
                "data.ignition_networkd_unit.20_internal0_network": {
                    "type": "ignition_networkd_unit",
                    "depends_on": [],
                    "primary": {
                        "id": "9e6d3a4056b7c9657843401303b61c15d2f9bcedcb4fb7a12c83010443759fbb",
                        "attributes": {
                            "content": "[Match]\nName=internal0\n\n[Network]\nLinkLocalAddressing=no\nIPv6AcceptRA=no\nDHCP=true\n",
                            "id": "9e6d3a4056b7c9657843401303b61c15d2f9bcedcb4fb7a12c83010443759fbb",
                            "name": "20-internal0.network"
                        },
                        "meta": {},
                        "tainted": false
                    },
                    "deposed": [],
                    "provider": "provider.ignition"
                },
                "data.template_file.10_internal_link": {
                    "type": "template_file",
                    "depends_on": [],
                    "primary": {
                        "id": "bb940fe74cc502fbc46bfee78eb5cd023e9178c68dfcb3613b39e7866791dd17",
                        "attributes": {
                            "id": "bb940fe74cc502fbc46bfee78eb5cd023e9178c68dfcb3613b39e7866791dd17",
                            "rendered": "[Match]\nMACAddress=08:00:27:ab:10:10\n\n[Link]\nName=internal0\nMTUBytes=1500\n",
                            "template": "[Match]\nMACAddress=${mac_address}\n\n[Link]\nName=internal0\nMTUBytes=${mtu_bytes}\n",
                            "vars.%": "2",
                            "vars.mac_address": "08:00:27:ab:10:10",
                            "vars.mtu_bytes": "1500"
                        },
                        "meta": {},
                        "tainted": false
                    },
                    "deposed": [],
                    "provider": "provider.template"
                }
            },
            "depends_on": []
        },
        {
            "path": [
                "root",
                "worker_1",
                "ignition_systemd"
            ],
            "outputs": {
                "consulw": {
                    "sensitive": false,
                    "type": "string",
                    "value": "be2b318d04cea7dbb038563853f3d1d0ed634ad142b996a758839750b3ca649b"
                }
            },
            "resources": {
                "data.ignition_config.consulw": {
                    "type": "ignition_config",
                    "depends_on": [
                        "data.ignition_systemd_unit.consulw"
                    ],
                    "primary": {
                        "id": "6ed07625071c7fc5e43ed57d7bc245ad1c1a59214817cfbdc0550d353496b014",
                        "attributes": {
                            "id": "6ed07625071c7fc5e43ed57d7bc245ad1c1a59214817cfbdc0550d353496b014",
                            "rendered": "{\n    \"ignition\": {\n      \"config\": {},\n      \"timeouts\": {},\n      \"version\": \"2.1.0\"\n    },\n    \"networkd\": {},\n    \"passwd\": {},\n    \"storage\": {},\n    \"systemd\": {\n      \"units\": [\n        {\n          \"contents\": \"[Unit] \\nDescription=Consul agent bootstrap\\nAfter=docker.service\\nRequires=docker.service\\n\\n[Service]\\nEnvironmentFile=/etc/environment\\n\\n\\nExecStartPre=-/usr/bin/mkdir -p /opt/bin\\nExecStartPre=-/usr/bin/mkdir -p /opt/consul\\nExecStartPre=-/usr/bin/mkdir -p /etc/consul.d\\nExecStartPre=-/usr/bin/wget --retry-connrefused -t 5 -N -P /opt/consul/ https://releases.hashicorp.com/consul/1.0.7/consul_1.0.7_linux_amd64.zip\\nExecStartPre=-/usr/bin/unzip /opt/consul/consul_1.0.7_linux_amd64.zip -d /opt/bin\\n\\nExecStartPre=-/usr/bin/chmod +x /etc/bootstrap-consulw\\n\\nExecStart=/etc/bootstrap-consulw\\n\\n[Install]\\nWantedBy=multi-user.target\\n\\n[X-Fleet]\\nGlobal=true\\n\\n\",\n          \"enabled\": true,\n          \"name\": \"consulw.service\"\n        }\n      ]\n    }\n  }",
                            "systemd.#": "1",
                            "systemd.0": "be2b318d04cea7dbb038563853f3d1d0ed634ad142b996a758839750b3ca649b"
                        },
                        "meta": {},
                        "tainted": false
                    },
                    "deposed": [],
                    "provider": "provider.ignition"
                },
                "data.ignition_systemd_unit.consulw": {
                    "type": "ignition_systemd_unit",
                    "depends_on": [
                        "data.template_file.consulw"
                    ],
                    "primary": {
                        "id": "be2b318d04cea7dbb038563853f3d1d0ed634ad142b996a758839750b3ca649b",
                        "attributes": {
                            "content": "[Unit] \nDescription=Consul agent bootstrap\nAfter=docker.service\nRequires=docker.service\n\n[Service]\nEnvironmentFile=/etc/environment\n\n\nExecStartPre=-/usr/bin/mkdir -p /opt/bin\nExecStartPre=-/usr/bin/mkdir -p /opt/consul\nExecStartPre=-/usr/bin/mkdir -p /etc/consul.d\nExecStartPre=-/usr/bin/wget --retry-connrefused -t 5 -N -P /opt/consul/ https://releases.hashicorp.com/consul/1.0.7/consul_1.0.7_linux_amd64.zip\nExecStartPre=-/usr/bin/unzip /opt/consul/consul_1.0.7_linux_amd64.zip -d /opt/bin\n\nExecStartPre=-/usr/bin/chmod +x /etc/bootstrap-consulw\n\nExecStart=/etc/bootstrap-consulw\n\n[Install]\nWantedBy=multi-user.target\n\n[X-Fleet]\nGlobal=true\n\n",
                            "enabled": "true",
                            "id": "be2b318d04cea7dbb038563853f3d1d0ed634ad142b996a758839750b3ca649b",
                            "name": "consulw.service"
                        },
                        "meta": {},
                        "tainted": false
                    },
                    "deposed": [],
                    "provider": "provider.ignition"
                },
                "data.template_file.consulw": {
                    "type": "template_file",
                    "depends_on": [],
                    "primary": {
                        "id": "e5fa75043825f6bed35a1886edbf497002727fce8cf5530820c2279a1b76faf8",
                        "attributes": {
                            "id": "e5fa75043825f6bed35a1886edbf497002727fce8cf5530820c2279a1b76faf8",
                            "rendered": "[Unit] \nDescription=Consul agent bootstrap\nAfter=docker.service\nRequires=docker.service\n\n[Service]\nEnvironmentFile=/etc/environment\n\n\nExecStartPre=-/usr/bin/mkdir -p /opt/bin\nExecStartPre=-/usr/bin/mkdir -p /opt/consul\nExecStartPre=-/usr/bin/mkdir -p /etc/consul.d\nExecStartPre=-/usr/bin/wget --retry-connrefused -t 5 -N -P /opt/consul/ https://releases.hashicorp.com/consul/1.0.7/consul_1.0.7_linux_amd64.zip\nExecStartPre=-/usr/bin/unzip /opt/consul/consul_1.0.7_linux_amd64.zip -d /opt/bin\n\nExecStartPre=-/usr/bin/chmod +x /etc/bootstrap-consulw\n\nExecStart=/etc/bootstrap-consulw\n\n[Install]\nWantedBy=multi-user.target\n\n[X-Fleet]\nGlobal=true\n\n",
                            "template": "[Unit] \nDescription=Consul agent bootstrap\nAfter=docker.service\nRequires=docker.service\n\n[Service]\nEnvironmentFile=/etc/environment\n\n\nExecStartPre=-/usr/bin/mkdir -p /opt/bin\nExecStartPre=-/usr/bin/mkdir -p /opt/consul\nExecStartPre=-/usr/bin/mkdir -p /etc/consul.d\nExecStartPre=-/usr/bin/wget --retry-connrefused -t 5 -N -P /opt/consul/ https://releases.hashicorp.com/consul/1.0.7/consul_1.0.7_linux_amd64.zip\nExecStartPre=-/usr/bin/unzip /opt/consul/consul_1.0.7_linux_amd64.zip -d /opt/bin\n\nExecStartPre=-/usr/bin/chmod +x /etc/bootstrap-consulw\n\nExecStart=/etc/bootstrap-consulw\n\n[Install]\nWantedBy=multi-user.target\n\n[X-Fleet]\nGlobal=true\n\n"
                        },
                        "meta": {},
                        "tainted": false
                    },
                    "deposed": [],
                    "provider": "provider.template"
                }
            },
            "depends_on": []
        },
        {
            "path": [
                "root",
                "worker_1",
                "ignition_users"
            ],
            "outputs": {
                "demo": {
                    "sensitive": false,
                    "type": "string",
                    "value": "12a1d78cefb25d1d7f1c69f51d9099f7aa807d75e6d4aec76c13baaea72de0bb"
                }
            },
            "resources": {
                "data.ignition_user.demo": {
                    "type": "ignition_user",
                    "depends_on": [],
                    "primary": {
                        "id": "12a1d78cefb25d1d7f1c69f51d9099f7aa807d75e6d4aec76c13baaea72de0bb",
                        "attributes": {
                            "groups.#": "2",
                            "groups.0": "sudo",
                            "groups.1": "docker",
                            "id": "12a1d78cefb25d1d7f1c69f51d9099f7aa807d75e6d4aec76c13baaea72de0bb",
                            "name": "demo",
                            "ssh_authorized_keys.#": "1",
                            "ssh_authorized_keys.0": "ssh-rsa AAAAB3NzaC1yc2EAAAADAQABAAABAQCuQWrE1R1tnk2bu+CcLDtqEPP2+I60FV3W9enz1pW4iYaKqlCaSqEjgpmhXt1B2n++poDduM5iTrPTjLIOPi2/l0OFgNLnuCLQuPBTb8Eo1ta/feT1cD/YrWPzED0QCrwadEKHsZEf6Zsn2Xs810rrF+ynx02wDddJYCQWXWSzJEUi5duV4NmmTPtLt09n73gNLByDaIABoBGKxqA8hn2drPsM1LxOLgo9nBiyfm/h6KZH/6CqIC40HFL++0w5iurX1aCR8jRtLYgX10AYdWIcKmdiPDi164SmAAgOchGR6DfrPZb0upOXrMzmVfnhIftzIqukMgfrFYFLkK3j2STX root@provisioner01"
                        },
                        "meta": {},
                        "tainted": false
                    },
                    "deposed": [],
                    "provider": "provider.ignition"
                }
            },
            "depends_on": []
        },
        {
            "path": [
                "root",
                "worker_2",
                "ignition_files"
            ],
            "outputs": {
                "bootstrap-consulw": {
                    "sensitive": false,
                    "type": "string",
                    "value": "b943dd9facc3cdd79cafd64e6b1ffe5dfc812af0e790a16db7ee399ba3934ce6"
                },
                "hostname": {
                    "sensitive": false,
                    "type": "string",
                    "value": "13650b9fbc4887c5d601836a0dbea2265506c8d88aaeaa534c046f2aab9f00a9"
                }
            },
            "resources": {
                "data.ignition_file.bootstrap-consulw": {
                    "type": "ignition_file",
                    "depends_on": [],
                    "primary": {
                        "id": "b943dd9facc3cdd79cafd64e6b1ffe5dfc812af0e790a16db7ee399ba3934ce6",
                        "attributes": {
                            "content.#": "1",
                            "content.0.content": "#!/bin/bash\n \nsource /etc/environment\n\nhostname=$(cat /etc/machine-id)\nip_address=$(/usr/bin/ifconfig internal0 | grep 'inet ' | awk '{ print $2}')\nflags=\"-data-dir=/opt/consul -enable-script-checks=true -config-dir=/etc/consul.d\"\n\n/opt/bin/consul agent -node=${hostname} -bind=${ip_address} -${flags}\n",
                            "content.0.mime": "text/plain",
                            "filesystem": "root",
                            "id": "b943dd9facc3cdd79cafd64e6b1ffe5dfc812af0e790a16db7ee399ba3934ce6",
                            "mode": "420",
                            "path": "/etc/bootstrap-consulw"
                        },
                        "meta": {},
                        "tainted": false
                    },
                    "deposed": [],
                    "provider": "provider.ignition"
                },
                "data.ignition_file.hostname": {
                    "type": "ignition_file",
                    "depends_on": [],
                    "primary": {
                        "id": "13650b9fbc4887c5d601836a0dbea2265506c8d88aaeaa534c046f2aab9f00a9",
                        "attributes": {
                            "content.#": "1",
                            "content.0.content": "worker-2.infra.local",
                            "content.0.mime": "text/plain",
                            "filesystem": "root",
                            "id": "13650b9fbc4887c5d601836a0dbea2265506c8d88aaeaa534c046f2aab9f00a9",
                            "mode": "420",
                            "path": "/etc/hostname"
                        },
                        "meta": {},
                        "tainted": false
                    },
                    "deposed": [],
                    "provider": "provider.ignition"
                }
            },
            "depends_on": []
        },
        {
            "path": [
                "root",
                "worker_2",
                "ignition_networkd"
            ],
            "outputs": {
                "10_internal0_link": {
                    "sensitive": false,
                    "type": "string",
                    "value": "e8e00a3e03d83bab58292fc9e7d166180a9078302e0988082f1a0ab456a24025"
                },
                "20_internal0_network": {
                    "sensitive": false,
                    "type": "string",
                    "value": "9e6d3a4056b7c9657843401303b61c15d2f9bcedcb4fb7a12c83010443759fbb"
                }
            },
            "resources": {
                "data.ignition_networkd_unit.10_internal0_link": {
                    "type": "ignition_networkd_unit",
                    "depends_on": [
                        "data.template_file.10_internal_link"
                    ],
                    "primary": {
                        "id": "e8e00a3e03d83bab58292fc9e7d166180a9078302e0988082f1a0ab456a24025",
                        "attributes": {
                            "content": "[Match]\nMACAddress=08:00:27:ab:10:11\n\n[Link]\nName=internal0\nMTUBytes=1500\n",
                            "id": "e8e00a3e03d83bab58292fc9e7d166180a9078302e0988082f1a0ab456a24025",
                            "name": "10-internal0.link"
                        },
                        "meta": {},
                        "tainted": false
                    },
                    "deposed": [],
                    "provider": "provider.ignition"
                },
                "data.ignition_networkd_unit.20_internal0_network": {
                    "type": "ignition_networkd_unit",
                    "depends_on": [],
                    "primary": {
                        "id": "9e6d3a4056b7c9657843401303b61c15d2f9bcedcb4fb7a12c83010443759fbb",
                        "attributes": {
                            "content": "[Match]\nName=internal0\n\n[Network]\nLinkLocalAddressing=no\nIPv6AcceptRA=no\nDHCP=true\n",
                            "id": "9e6d3a4056b7c9657843401303b61c15d2f9bcedcb4fb7a12c83010443759fbb",
                            "name": "20-internal0.network"
                        },
                        "meta": {},
                        "tainted": false
                    },
                    "deposed": [],
                    "provider": "provider.ignition"
                },
                "data.template_file.10_internal_link": {
                    "type": "template_file",
                    "depends_on": [],
                    "primary": {
                        "id": "37588c4734d9cc70ccb57fb2ae2cebe22b928e8c35b25bf425fb30df1b586888",
                        "attributes": {
                            "id": "37588c4734d9cc70ccb57fb2ae2cebe22b928e8c35b25bf425fb30df1b586888",
                            "rendered": "[Match]\nMACAddress=08:00:27:ab:10:11\n\n[Link]\nName=internal0\nMTUBytes=1500\n",
                            "template": "[Match]\nMACAddress=${mac_address}\n\n[Link]\nName=internal0\nMTUBytes=${mtu_bytes}\n",
                            "vars.%": "2",
                            "vars.mac_address": "08:00:27:ab:10:11",
                            "vars.mtu_bytes": "1500"
                        },
                        "meta": {},
                        "tainted": false
                    },
                    "deposed": [],
                    "provider": "provider.template"
                }
            },
            "depends_on": []
        },
        {
            "path": [
                "root",
                "worker_2",
                "ignition_systemd"
            ],
            "outputs": {
                "consulw": {
                    "sensitive": false,
                    "type": "string",
                    "value": "be2b318d04cea7dbb038563853f3d1d0ed634ad142b996a758839750b3ca649b"
                }
            },
            "resources": {
                "data.ignition_config.consulw": {
                    "type": "ignition_config",
                    "depends_on": [
                        "data.ignition_systemd_unit.consulw"
                    ],
                    "primary": {
                        "id": "6ed07625071c7fc5e43ed57d7bc245ad1c1a59214817cfbdc0550d353496b014",
                        "attributes": {
                            "id": "6ed07625071c7fc5e43ed57d7bc245ad1c1a59214817cfbdc0550d353496b014",
                            "rendered": "{\n    \"ignition\": {\n      \"config\": {},\n      \"timeouts\": {},\n      \"version\": \"2.1.0\"\n    },\n    \"networkd\": {},\n    \"passwd\": {},\n    \"storage\": {},\n    \"systemd\": {\n      \"units\": [\n        {\n          \"contents\": \"[Unit] \\nDescription=Consul agent bootstrap\\nAfter=docker.service\\nRequires=docker.service\\n\\n[Service]\\nEnvironmentFile=/etc/environment\\n\\n\\nExecStartPre=-/usr/bin/mkdir -p /opt/bin\\nExecStartPre=-/usr/bin/mkdir -p /opt/consul\\nExecStartPre=-/usr/bin/mkdir -p /etc/consul.d\\nExecStartPre=-/usr/bin/wget --retry-connrefused -t 5 -N -P /opt/consul/ https://releases.hashicorp.com/consul/1.0.7/consul_1.0.7_linux_amd64.zip\\nExecStartPre=-/usr/bin/unzip /opt/consul/consul_1.0.7_linux_amd64.zip -d /opt/bin\\n\\nExecStartPre=-/usr/bin/chmod +x /etc/bootstrap-consulw\\n\\nExecStart=/etc/bootstrap-consulw\\n\\n[Install]\\nWantedBy=multi-user.target\\n\\n[X-Fleet]\\nGlobal=true\\n\\n\",\n          \"enabled\": true,\n          \"name\": \"consulw.service\"\n        }\n      ]\n    }\n  }",
                            "systemd.#": "1",
                            "systemd.0": "be2b318d04cea7dbb038563853f3d1d0ed634ad142b996a758839750b3ca649b"
                        },
                        "meta": {},
                        "tainted": false
                    },
                    "deposed": [],
                    "provider": "provider.ignition"
                },
                "data.ignition_systemd_unit.consulw": {
                    "type": "ignition_systemd_unit",
                    "depends_on": [
                        "data.template_file.consulw"
                    ],
                    "primary": {
                        "id": "be2b318d04cea7dbb038563853f3d1d0ed634ad142b996a758839750b3ca649b",
                        "attributes": {
                            "content": "[Unit] \nDescription=Consul agent bootstrap\nAfter=docker.service\nRequires=docker.service\n\n[Service]\nEnvironmentFile=/etc/environment\n\n\nExecStartPre=-/usr/bin/mkdir -p /opt/bin\nExecStartPre=-/usr/bin/mkdir -p /opt/consul\nExecStartPre=-/usr/bin/mkdir -p /etc/consul.d\nExecStartPre=-/usr/bin/wget --retry-connrefused -t 5 -N -P /opt/consul/ https://releases.hashicorp.com/consul/1.0.7/consul_1.0.7_linux_amd64.zip\nExecStartPre=-/usr/bin/unzip /opt/consul/consul_1.0.7_linux_amd64.zip -d /opt/bin\n\nExecStartPre=-/usr/bin/chmod +x /etc/bootstrap-consulw\n\nExecStart=/etc/bootstrap-consulw\n\n[Install]\nWantedBy=multi-user.target\n\n[X-Fleet]\nGlobal=true\n\n",
                            "enabled": "true",
                            "id": "be2b318d04cea7dbb038563853f3d1d0ed634ad142b996a758839750b3ca649b",
                            "name": "consulw.service"
                        },
                        "meta": {},
                        "tainted": false
                    },
                    "deposed": [],
                    "provider": "provider.ignition"
                },
                "data.template_file.consulw": {
                    "type": "template_file",
                    "depends_on": [],
                    "primary": {
                        "id": "e5fa75043825f6bed35a1886edbf497002727fce8cf5530820c2279a1b76faf8",
                        "attributes": {
                            "id": "e5fa75043825f6bed35a1886edbf497002727fce8cf5530820c2279a1b76faf8",
                            "rendered": "[Unit] \nDescription=Consul agent bootstrap\nAfter=docker.service\nRequires=docker.service\n\n[Service]\nEnvironmentFile=/etc/environment\n\n\nExecStartPre=-/usr/bin/mkdir -p /opt/bin\nExecStartPre=-/usr/bin/mkdir -p /opt/consul\nExecStartPre=-/usr/bin/mkdir -p /etc/consul.d\nExecStartPre=-/usr/bin/wget --retry-connrefused -t 5 -N -P /opt/consul/ https://releases.hashicorp.com/consul/1.0.7/consul_1.0.7_linux_amd64.zip\nExecStartPre=-/usr/bin/unzip /opt/consul/consul_1.0.7_linux_amd64.zip -d /opt/bin\n\nExecStartPre=-/usr/bin/chmod +x /etc/bootstrap-consulw\n\nExecStart=/etc/bootstrap-consulw\n\n[Install]\nWantedBy=multi-user.target\n\n[X-Fleet]\nGlobal=true\n\n",
                            "template": "[Unit] \nDescription=Consul agent bootstrap\nAfter=docker.service\nRequires=docker.service\n\n[Service]\nEnvironmentFile=/etc/environment\n\n\nExecStartPre=-/usr/bin/mkdir -p /opt/bin\nExecStartPre=-/usr/bin/mkdir -p /opt/consul\nExecStartPre=-/usr/bin/mkdir -p /etc/consul.d\nExecStartPre=-/usr/bin/wget --retry-connrefused -t 5 -N -P /opt/consul/ https://releases.hashicorp.com/consul/1.0.7/consul_1.0.7_linux_amd64.zip\nExecStartPre=-/usr/bin/unzip /opt/consul/consul_1.0.7_linux_amd64.zip -d /opt/bin\n\nExecStartPre=-/usr/bin/chmod +x /etc/bootstrap-consulw\n\nExecStart=/etc/bootstrap-consulw\n\n[Install]\nWantedBy=multi-user.target\n\n[X-Fleet]\nGlobal=true\n\n"
                        },
                        "meta": {},
                        "tainted": false
                    },
                    "deposed": [],
                    "provider": "provider.template"
                }
            },
            "depends_on": []
        },
        {
            "path": [
                "root",
                "worker_2",
                "ignition_users"
            ],
            "outputs": {
                "demo": {
                    "sensitive": false,
                    "type": "string",
                    "value": "12a1d78cefb25d1d7f1c69f51d9099f7aa807d75e6d4aec76c13baaea72de0bb"
                }
            },
            "resources": {
                "data.ignition_user.demo": {
                    "type": "ignition_user",
                    "depends_on": [],
                    "primary": {
                        "id": "12a1d78cefb25d1d7f1c69f51d9099f7aa807d75e6d4aec76c13baaea72de0bb",
                        "attributes": {
                            "groups.#": "2",
                            "groups.0": "sudo",
                            "groups.1": "docker",
                            "id": "12a1d78cefb25d1d7f1c69f51d9099f7aa807d75e6d4aec76c13baaea72de0bb",
                            "name": "demo",
                            "ssh_authorized_keys.#": "1",
                            "ssh_authorized_keys.0": "ssh-rsa AAAAB3NzaC1yc2EAAAADAQABAAABAQCuQWrE1R1tnk2bu+CcLDtqEPP2+I60FV3W9enz1pW4iYaKqlCaSqEjgpmhXt1B2n++poDduM5iTrPTjLIOPi2/l0OFgNLnuCLQuPBTb8Eo1ta/feT1cD/YrWPzED0QCrwadEKHsZEf6Zsn2Xs810rrF+ynx02wDddJYCQWXWSzJEUi5duV4NmmTPtLt09n73gNLByDaIABoBGKxqA8hn2drPsM1LxOLgo9nBiyfm/h6KZH/6CqIC40HFL++0w5iurX1aCR8jRtLYgX10AYdWIcKmdiPDi164SmAAgOchGR6DfrPZb0upOXrMzmVfnhIftzIqukMgfrFYFLkK3j2STX root@provisioner01"
                        },
                        "meta": {},
                        "tainted": false
                    },
                    "deposed": [],
                    "provider": "provider.ignition"
                }
            },
            "depends_on": []
        }
    ]
}
